
Microsoft Visual Studio Solution File, Format Version 12.00
# Visual Studio Version 16
VisualStudioVersion = 16.6.30114.105
MinimumVisualStudioVersion = 10.0.40219.1
Project("{FAE04EC0-301F-11D3-BF4B-00C04F79EFBC}") = "R5T.D0102.Construction", "R5T.D0102.Construction\R5T.D0102.Construction.csproj", "{75AE39E3-7C26-4A71-B913-846EEAF63550}"
EndProject
Project("{2150E333-8FDC-42A3-9474-1A3956D46DE8}") = "_Dependencies", "_Dependencies", "{955CC75C-ECC6-4AA2-9C28-0BE7506DEEA6}"
EndProject
Project("{FAE04EC0-301F-11D3-BF4B-00C04F79EFBC}") = "R5T.Plymouth.ProgramAsAService", "..\..\R5T.Plymouth\source\R5T.Plymouth.ProgramAsAService\R5T.Plymouth.ProgramAsAService.csproj", "{9726388F-8621-4B2C-BE4F-28BEF3CD26F3}"
EndProject
Project("{FAE04EC0-301F-11D3-BF4B-00C04F79EFBC}") = "R5T.T0027.T009", "..\..\R5T.T0027\source\R5T.T0027.T009\R5T.T0027.T009.csproj", "{657A3934-EE83-4AE3-9A79-E2867FE18B26}"
EndProject
Project("{FAE04EC0-301F-11D3-BF4B-00C04F79EFBC}") = "R5T.D0102.I001", "R5T.D0102.I001\R5T.D0102.I001.csproj", "{502070F6-61CA-4798-9B5E-D086707F5263}"
EndProject
Project("{FAE04EC0-301F-11D3-BF4B-00C04F79EFBC}") = "R5T.D0102.Base", "R5T.D0102.Base\R5T.D0102.Base.csproj", "{29D1D93C-3029-42BA-934B-02BEDDBBB20D}"
EndProject
Project("{FAE04EC0-301F-11D3-BF4B-00C04F79EFBC}") = "R5T.Dacia.Extensions", "..\..\R5T.Dacia.Extensions\source\R5T.Dacia.Extensions\R5T.Dacia.Extensions.csproj", "{19D3518E-3A2C-4D61-9836-22E8E6EEF2AD}"
EndProject
Project("{FAE04EC0-301F-11D3-BF4B-00C04F79EFBC}") = "R5T.Dacia.T002", "..\..\R5T.Dacia\source\R5T.Dacia.T002\R5T.Dacia.T002.csproj", "{5A661D27-6A2D-4EB7-815F-27573AB09BE4}"
EndProject
Project("{FAE04EC0-301F-11D3-BF4B-00C04F79EFBC}") = "R5T.T0064", "..\..\R5T.T0064\source\R5T.T0064\R5T.T0064.csproj", "{17D071E8-1A00-4543-9CDC-4618D80C6C2C}"
EndProject
Global
	GlobalSection(SolutionConfigurationPlatforms) = preSolution
		Debug|Any CPU = Debug|Any CPU
		Debug|x64 = Debug|x64
		Debug|x86 = Debug|x86
		Release|Any CPU = Release|Any CPU
		Release|x64 = Release|x64
		Release|x86 = Release|x86
	EndGlobalSection
	GlobalSection(SolutionProperties) = preSolution
		HideSolutionNode = FALSE
	EndGlobalSection
	GlobalSection(ProjectConfigurationPlatforms) = postSolution
		{75AE39E3-7C26-4A71-B913-846EEAF63550}.Debug|Any CPU.ActiveCfg = Debug|Any CPU
		{75AE39E3-7C26-4A71-B913-846EEAF63550}.Debug|Any CPU.Build.0 = Debug|Any CPU
		{75AE39E3-7C26-4A71-B913-846EEAF63550}.Debug|x64.ActiveCfg = Debug|Any CPU
		{75AE39E3-7C26-4A71-B913-846EEAF63550}.Debug|x64.Build.0 = Debug|Any CPU
		{75AE39E3-7C26-4A71-B913-846EEAF63550}.Debug|x86.ActiveCfg = Debug|Any CPU
		{75AE39E3-7C26-4A71-B913-846EEAF63550}.Debug|x86.Build.0 = Debug|Any CPU
		{75AE39E3-7C26-4A71-B913-846EEAF63550}.Release|Any CPU.ActiveCfg = Release|Any CPU
		{75AE39E3-7C26-4A71-B913-846EEAF63550}.Release|Any CPU.Build.0 = Release|Any CPU
		{75AE39E3-7C26-4A71-B913-846EEAF63550}.Release|x64.ActiveCfg = Release|Any CPU
		{75AE39E3-7C26-4A71-B913-846EEAF63550}.Release|x64.Build.0 = Release|Any CPU
		{75AE39E3-7C26-4A71-B913-846EEAF63550}.Release|x86.ActiveCfg = Release|Any CPU
		{75AE39E3-7C26-4A71-B913-846EEAF63550}.Release|x86.Build.0 = Release|Any CPU
		{9726388F-8621-4B2C-BE4F-28BEF3CD26F3}.Debug|Any CPU.ActiveCfg = Debug|Any CPU
		{9726388F-8621-4B2C-BE4F-28BEF3CD26F3}.Debug|Any CPU.Build.0 = Debug|Any CPU
		{9726388F-8621-4B2C-BE4F-28BEF3CD26F3}.Debug|x64.ActiveCfg = Debug|Any CPU
		{9726388F-8621-4B2C-BE4F-28BEF3CD26F3}.Debug|x64.Build.0 = Debug|Any CPU
		{9726388F-8621-4B2C-BE4F-28BEF3CD26F3}.Debug|x86.ActiveCfg = Debug|Any CPU
		{9726388F-8621-4B2C-BE4F-28BEF3CD26F3}.Debug|x86.Build.0 = Debug|Any CPU
		{9726388F-8621-4B2C-BE4F-28BEF3CD26F3}.Release|Any CPU.ActiveCfg = Release|Any CPU
		{9726388F-8621-4B2C-BE4F-28BEF3CD26F3}.Release|Any CPU.Build.0 = Release|Any CPU
		{9726388F-8621-4B2C-BE4F-28BEF3CD26F3}.Release|x64.ActiveCfg = Release|Any CPU
		{9726388F-8621-4B2C-BE4F-28BEF3CD26F3}.Release|x64.Build.0 = Release|Any CPU
		{9726388F-8621-4B2C-BE4F-28BEF3CD26F3}.Release|x86.ActiveCfg = Release|Any CPU
		{9726388F-8621-4B2C-BE4F-28BEF3CD26F3}.Release|x86.Build.0 = Release|Any CPU
		{657A3934-EE83-4AE3-9A79-E2867FE18B26}.Debug|Any CPU.ActiveCfg = Debug|Any CPU
		{657A3934-EE83-4AE3-9A79-E2867FE18B26}.Debug|Any CPU.Build.0 = Debug|Any CPU
		{657A3934-EE83-4AE3-9A79-E2867FE18B26}.Debug|x64.ActiveCfg = Debug|Any CPU
		{657A3934-EE83-4AE3-9A79-E2867FE18B26}.Debug|x64.Build.0 = Debug|Any CPU
		{657A3934-EE83-4AE3-9A79-E2867FE18B26}.Debug|x86.ActiveCfg = Debug|Any CPU
		{657A3934-EE83-4AE3-9A79-E2867FE18B26}.Debug|x86.Build.0 = Debug|Any CPU
		{657A3934-EE83-4AE3-9A79-E2867FE18B26}.Release|Any CPU.ActiveCfg = Release|Any CPU
		{657A3934-EE83-4AE3-9A79-E2867FE18B26}.Release|Any CPU.Build.0 = Release|Any CPU
		{657A3934-EE83-4AE3-9A79-E2867FE18B26}.Release|x64.ActiveCfg = Release|Any CPU
		{657A3934-EE83-4AE3-9A79-E2867FE18B26}.Release|x64.Build.0 = Release|Any CPU
		{657A3934-EE83-4AE3-9A79-E2867FE18B26}.Release|x86.ActiveCfg = Release|Any CPU
		{657A3934-EE83-4AE3-9A79-E2867FE18B26}.Release|x86.Build.0 = Release|Any CPU
		{502070F6-61CA-4798-9B5E-D086707F5263}.Debug|Any CPU.ActiveCfg = Debug|Any CPU
		{502070F6-61CA-4798-9B5E-D086707F5263}.Debug|Any CPU.Build.0 = Debug|Any CPU
		{502070F6-61CA-4798-9B5E-D086707F5263}.Debug|x64.ActiveCfg = Debug|Any CPU
		{502070F6-61CA-4798-9B5E-D086707F5263}.Debug|x64.Build.0 = Debug|Any CPU
		{502070F6-61CA-4798-9B5E-D086707F5263}.Debug|x86.ActiveCfg = Debug|Any CPU
		{502070F6-61CA-4798-9B5E-D086707F5263}.Debug|x86.Build.0 = Debug|Any CPU
		{502070F6-61CA-4798-9B5E-D086707F5263}.Release|Any CPU.ActiveCfg = Release|Any CPU
		{502070F6-61CA-4798-9B5E-D086707F5263}.Release|Any CPU.Build.0 = Release|Any CPU
		{502070F6-61CA-4798-9B5E-D086707F5263}.Release|x64.ActiveCfg = Release|Any CPU
		{502070F6-61CA-4798-9B5E-D086707F5263}.Release|x64.Build.0 = Release|Any CPU
		{502070F6-61CA-4798-9B5E-D086707F5263}.Release|x86.ActiveCfg = Release|Any CPU
		{502070F6-61CA-4798-9B5E-D086707F5263}.Release|x86.Build.0 = Release|Any CPU
		{29D1D93C-3029-42BA-934B-02BEDDBBB20D}.Debug|Any CPU.ActiveCfg = Debug|Any CPU
		{29D1D93C-3029-42BA-934B-02BEDDBBB20D}.Debug|Any CPU.Build.0 = Debug|Any CPU
		{29D1D93C-3029-42BA-934B-02BEDDBBB20D}.Debug|x64.ActiveCfg = Debug|Any CPU
		{29D1D93C-3029-42BA-934B-02BEDDBBB20D}.Debug|x64.Build.0 = Debug|Any CPU
		{29D1D93C-3029-42BA-934B-02BEDDBBB20D}.Debug|x86.ActiveCfg = Debug|Any CPU
		{29D1D93C-3029-42BA-934B-02BEDDBBB20D}.Debug|x86.Build.0 = Debug|Any CPU
		{29D1D93C-3029-42BA-934B-02BEDDBBB20D}.Release|Any CPU.ActiveCfg = Release|Any CPU
		{29D1D93C-3029-42BA-934B-02BEDDBBB20D}.Release|Any CPU.Build.0 = Release|Any CPU
		{29D1D93C-3029-42BA-934B-02BEDDBBB20D}.Release|x64.ActiveCfg = Release|Any CPU
		{29D1D93C-3029-42BA-934B-02BEDDBBB20D}.Release|x64.Build.0 = Release|Any CPU
		{29D1D93C-3029-42BA-934B-02BEDDBBB20D}.Release|x86.ActiveCfg = Release|Any CPU
		{29D1D93C-3029-42BA-934B-02BEDDBBB20D}.Release|x86.Build.0 = Release|Any CPU
		{19D3518E-3A2C-4D61-9836-22E8E6EEF2AD}.Debug|Any CPU.ActiveCfg = Debug|Any CPU
		{19D3518E-3A2C-4D61-9836-22E8E6EEF2AD}.Debug|Any CPU.Build.0 = Debug|Any CPU
		{19D3518E-3A2C-4D61-9836-22E8E6EEF2AD}.Debug|x64.ActiveCfg = Debug|Any CPU
		{19D3518E-3A2C-4D61-9836-22E8E6EEF2AD}.Debug|x64.Build.0 = Debug|Any CPU
		{19D3518E-3A2C-4D61-9836-22E8E6EEF2AD}.Debug|x86.ActiveCfg = Debug|Any CPU
		{19D3518E-3A2C-4D61-9836-22E8E6EEF2AD}.Debug|x86.Build.0 = Debug|Any CPU
		{19D3518E-3A2C-4D61-9836-22E8E6EEF2AD}.Release|Any CPU.ActiveCfg = Release|Any CPU
		{19D3518E-3A2C-4D61-9836-22E8E6EEF2AD}.Release|Any CPU.Build.0 = Release|Any CPU
		{19D3518E-3A2C-4D61-9836-22E8E6EEF2AD}.Release|x64.ActiveCfg = Release|Any CPU
		{19D3518E-3A2C-4D61-9836-22E8E6EEF2AD}.Release|x64.Build.0 = Release|Any CPU
		{19D3518E-3A2C-4D61-9836-22E8E6EEF2AD}.Release|x86.ActiveCfg = Release|Any CPU
		{19D3518E-3A2C-4D61-9836-22E8E6EEF2AD}.Release|x86.Build.0 = Release|Any CPU
		{5A661D27-6A2D-4EB7-815F-27573AB09BE4}.Debug|Any CPU.ActiveCfg = Debug|Any CPU
		{5A661D27-6A2D-4EB7-815F-27573AB09BE4}.Debug|Any CPU.Build.0 = Debug|Any CPU
		{5A661D27-6A2D-4EB7-815F-27573AB09BE4}.Debug|x64.ActiveCfg = Debug|Any CPU
		{5A661D27-6A2D-4EB7-815F-27573AB09BE4}.Debug|x64.Build.0 = Debug|Any CPU
		{5A661D27-6A2D-4EB7-815F-27573AB09BE4}.Debug|x86.ActiveCfg = Debug|Any CPU
		{5A661D27-6A2D-4EB7-815F-27573AB09BE4}.Debug|x86.Build.0 = Debug|Any CPU
		{5A661D27-6A2D-4EB7-815F-27573AB09BE4}.Release|Any CPU.ActiveCfg = Release|Any CPU
		{5A661D27-6A2D-4EB7-815F-27573AB09BE4}.Release|Any CPU.Build.0 = Release|Any CPU
		{5A661D27-6A2D-4EB7-815F-27573AB09BE4}.Release|x64.ActiveCfg = Release|Any CPU
		{5A661D27-6A2D-4EB7-815F-27573AB09BE4}.Release|x64.Build.0 = Release|Any CPU
		{5A661D27-6A2D-4EB7-815F-27573AB09BE4}.Release|x86.ActiveCfg = Release|Any CPU
		{5A661D27-6A2D-4EB7-815F-27573AB09BE4}.Release|x86.Build.0 = Release|Any CPU
		{17D071E8-1A00-4543-9CDC-4618D80C6C2C}.Debug|Any CPU.ActiveCfg = Debug|Any CPU
		{17D071E8-1A00-4543-9CDC-4618D80C6C2C}.Debug|Any CPU.Build.0 = Debug|Any CPU
		{17D071E8-1A00-4543-9CDC-4618D80C6C2C}.Debug|x64.ActiveCfg = Debug|Any CPU
		{17D071E8-1A00-4543-9CDC-4618D80C6C2C}.Debug|x64.Build.0 = Debug|Any CPU
		{17D071E8-1A00-4543-9CDC-4618D80C6C2C}.Debug|x86.ActiveCfg = Debug|Any CPU
		{17D071E8-1A00-4543-9CDC-4618D80C6C2C}.Debug|x86.Build.0 = Debug|Any CPU
		{17D071E8-1A00-4543-9CDC-4618D80C6C2C}.Release|Any CPU.ActiveCfg = Release|Any CPU
		{17D071E8-1A00-4543-9CDC-4618D80C6C2C}.Release|Any CPU.Build.0 = Release|Any CPU
		{17D071E8-1A00-4543-9CDC-4618D80C6C2C}.Release|x64.ActiveCfg = Release|Any CPU
		{17D071E8-1A00-4543-9CDC-4618D80C6C2C}.Release|x64.Build.0 = Release|Any CPU
		{17D071E8-1A00-4543-9CDC-4618D80C6C2C}.Release|x86.ActiveCfg = Release|Any CPU
		{17D071E8-1A00-4543-9CDC-4618D80C6C2C}.Release|x86.Build.0 = Release|Any CPU
	EndGlobalSection
	GlobalSection(NestedProjects) = preSolution
		{9726388F-8621-4B2C-BE4F-28BEF3CD26F3} = {955CC75C-ECC6-4AA2-9C28-0BE7506DEEA6}
		{657A3934-EE83-4AE3-9A79-E2867FE18B26} = {955CC75C-ECC6-4AA2-9C28-0BE7506DEEA6}
		{19D3518E-3A2C-4D61-9836-22E8E6EEF2AD} = {955CC75C-ECC6-4AA2-9C28-0BE7506DEEA6}
		{5A661D27-6A2D-4EB7-815F-27573AB09BE4} = {955CC75C-ECC6-4AA2-9C28-0BE7506DEEA6}
		{17D071E8-1A00-4543-9CDC-4618D80C6C2C} = {955CC75C-ECC6-4AA2-9C28-0BE7506DEEA6}
	EndGlobalSection
EndGlobal
