
Microsoft Visual Studio Solution File, Format Version 12.00
# Visual Studio Version 16
VisualStudioVersion = 16.6.30114.105
MinimumVisualStudioVersion = 10.0.40219.1
Project("{FAE04EC0-301F-11D3-BF4B-00C04F79EFBC}") = "R5T.D0102.Base", "R5T.D0102.Base\R5T.D0102.Base.csproj", "{2C7AA970-AC48-4AE0-B7B0-738A8A52AD13}"
EndProject
Project("{2150E333-8FDC-42A3-9474-1A3956D46DE8}") = "_Dependencies", "_Dependencies", "{364D5687-41F1-4757-8B11-9DA5C2253AC9}"
EndProject
Project("{FAE04EC0-301F-11D3-BF4B-00C04F79EFBC}") = "R5T.Dacia.T002", "..\..\R5T.Dacia\source\R5T.Dacia.T002\R5T.Dacia.T002.csproj", "{00F80BEB-18DF-4B68-8550-9E68F1A826C1}"
EndProject
Project("{FAE04EC0-301F-11D3-BF4B-00C04F79EFBC}") = "R5T.D0102.I001", "R5T.D0102.I001\R5T.D0102.I001.csproj", "{A93962FE-BBC4-409F-82B4-A4278707A27A}"
EndProject
Project("{FAE04EC0-301F-11D3-BF4B-00C04F79EFBC}") = "R5T.Dacia.Extensions", "..\..\R5T.Dacia.Extensions\source\R5T.Dacia.Extensions\R5T.Dacia.Extensions.csproj", "{C6FDDCC5-C934-484D-9005-43B4771BC78C}"
EndProject
Global
	GlobalSection(SolutionConfigurationPlatforms) = preSolution
		Debug|Any CPU = Debug|Any CPU
		Debug|x64 = Debug|x64
		Debug|x86 = Debug|x86
		Release|Any CPU = Release|Any CPU
		Release|x64 = Release|x64
		Release|x86 = Release|x86
	EndGlobalSection
	GlobalSection(SolutionProperties) = preSolution
		HideSolutionNode = FALSE
	EndGlobalSection
	GlobalSection(ProjectConfigurationPlatforms) = postSolution
		{2C7AA970-AC48-4AE0-B7B0-738A8A52AD13}.Debug|Any CPU.ActiveCfg = Debug|Any CPU
		{2C7AA970-AC48-4AE0-B7B0-738A8A52AD13}.Debug|Any CPU.Build.0 = Debug|Any CPU
		{2C7AA970-AC48-4AE0-B7B0-738A8A52AD13}.Debug|x64.ActiveCfg = Debug|Any CPU
		{2C7AA970-AC48-4AE0-B7B0-738A8A52AD13}.Debug|x64.Build.0 = Debug|Any CPU
		{2C7AA970-AC48-4AE0-B7B0-738A8A52AD13}.Debug|x86.ActiveCfg = Debug|Any CPU
		{2C7AA970-AC48-4AE0-B7B0-738A8A52AD13}.Debug|x86.Build.0 = Debug|Any CPU
		{2C7AA970-AC48-4AE0-B7B0-738A8A52AD13}.Release|Any CPU.ActiveCfg = Release|Any CPU
		{2C7AA970-AC48-4AE0-B7B0-738A8A52AD13}.Release|Any CPU.Build.0 = Release|Any CPU
		{2C7AA970-AC48-4AE0-B7B0-738A8A52AD13}.Release|x64.ActiveCfg = Release|Any CPU
		{2C7AA970-AC48-4AE0-B7B0-738A8A52AD13}.Release|x64.Build.0 = Release|Any CPU
		{2C7AA970-AC48-4AE0-B7B0-738A8A52AD13}.Release|x86.ActiveCfg = Release|Any CPU
		{2C7AA970-AC48-4AE0-B7B0-738A8A52AD13}.Release|x86.Build.0 = Release|Any CPU
		{00F80BEB-18DF-4B68-8550-9E68F1A826C1}.Debug|Any CPU.ActiveCfg = Debug|Any CPU
		{00F80BEB-18DF-4B68-8550-9E68F1A826C1}.Debug|Any CPU.Build.0 = Debug|Any CPU
		{00F80BEB-18DF-4B68-8550-9E68F1A826C1}.Debug|x64.ActiveCfg = Debug|Any CPU
		{00F80BEB-18DF-4B68-8550-9E68F1A826C1}.Debug|x64.Build.0 = Debug|Any CPU
		{00F80BEB-18DF-4B68-8550-9E68F1A826C1}.Debug|x86.ActiveCfg = Debug|Any CPU
		{00F80BEB-18DF-4B68-8550-9E68F1A826C1}.Debug|x86.Build.0 = Debug|Any CPU
		{00F80BEB-18DF-4B68-8550-9E68F1A826C1}.Release|Any CPU.ActiveCfg = Release|Any CPU
		{00F80BEB-18DF-4B68-8550-9E68F1A826C1}.Release|Any CPU.Build.0 = Release|Any CPU
		{00F80BEB-18DF-4B68-8550-9E68F1A826C1}.Release|x64.ActiveCfg = Release|Any CPU
		{00F80BEB-18DF-4B68-8550-9E68F1A826C1}.Release|x64.Build.0 = Release|Any CPU
		{00F80BEB-18DF-4B68-8550-9E68F1A826C1}.Release|x86.ActiveCfg = Release|Any CPU
		{00F80BEB-18DF-4B68-8550-9E68F1A826C1}.Release|x86.Build.0 = Release|Any CPU
		{A93962FE-BBC4-409F-82B4-A4278707A27A}.Debug|Any CPU.ActiveCfg = Debug|Any CPU
		{A93962FE-BBC4-409F-82B4-A4278707A27A}.Debug|Any CPU.Build.0 = Debug|Any CPU
		{A93962FE-BBC4-409F-82B4-A4278707A27A}.Debug|x64.ActiveCfg = Debug|Any CPU
		{A93962FE-BBC4-409F-82B4-A4278707A27A}.Debug|x64.Build.0 = Debug|Any CPU
		{A93962FE-BBC4-409F-82B4-A4278707A27A}.Debug|x86.ActiveCfg = Debug|Any CPU
		{A93962FE-BBC4-409F-82B4-A4278707A27A}.Debug|x86.Build.0 = Debug|Any CPU
		{A93962FE-BBC4-409F-82B4-A4278707A27A}.Release|Any CPU.ActiveCfg = Release|Any CPU
		{A93962FE-BBC4-409F-82B4-A4278707A27A}.Release|Any CPU.Build.0 = Release|Any CPU
		{A93962FE-BBC4-409F-82B4-A4278707A27A}.Release|x64.ActiveCfg = Release|Any CPU
		{A93962FE-BBC4-409F-82B4-A4278707A27A}.Release|x64.Build.0 = Release|Any CPU
		{A93962FE-BBC4-409F-82B4-A4278707A27A}.Release|x86.ActiveCfg = Release|Any CPU
		{A93962FE-BBC4-409F-82B4-A4278707A27A}.Release|x86.Build.0 = Release|Any CPU
		{C6FDDCC5-C934-484D-9005-43B4771BC78C}.Debug|Any CPU.ActiveCfg = Debug|Any CPU
		{C6FDDCC5-C934-484D-9005-43B4771BC78C}.Debug|Any CPU.Build.0 = Debug|Any CPU
		{C6FDDCC5-C934-484D-9005-43B4771BC78C}.Debug|x64.ActiveCfg = Debug|Any CPU
		{C6FDDCC5-C934-484D-9005-43B4771BC78C}.Debug|x64.Build.0 = Debug|Any CPU
		{C6FDDCC5-C934-484D-9005-43B4771BC78C}.Debug|x86.ActiveCfg = Debug|Any CPU
		{C6FDDCC5-C934-484D-9005-43B4771BC78C}.Debug|x86.Build.0 = Debug|Any CPU
		{C6FDDCC5-C934-484D-9005-43B4771BC78C}.Release|Any CPU.ActiveCfg = Release|Any CPU
		{C6FDDCC5-C934-484D-9005-43B4771BC78C}.Release|Any CPU.Build.0 = Release|Any CPU
		{C6FDDCC5-C934-484D-9005-43B4771BC78C}.Release|x64.ActiveCfg = Release|Any CPU
		{C6FDDCC5-C934-484D-9005-43B4771BC78C}.Release|x64.Build.0 = Release|Any CPU
		{C6FDDCC5-C934-484D-9005-43B4771BC78C}.Release|x86.ActiveCfg = Release|Any CPU
		{C6FDDCC5-C934-484D-9005-43B4771BC78C}.Release|x86.Build.0 = Release|Any CPU
	EndGlobalSection
	GlobalSection(NestedProjects) = preSolution
		{00F80BEB-18DF-4B68-8550-9E68F1A826C1} = {364D5687-41F1-4757-8B11-9DA5C2253AC9}
		{C6FDDCC5-C934-484D-9005-43B4771BC78C} = {364D5687-41F1-4757-8B11-9DA5C2253AC9}
	EndGlobalSection
EndGlobal
