
Microsoft Visual Studio Solution File, Format Version 12.00
# Visual Studio Version 17
VisualStudioVersion = 17.2.32630.192
MinimumVisualStudioVersion = 10.0.40219.1
Project("{FAE04EC0-301F-11D3-BF4B-00C04F79EFBC}") = "R5T.D0102.A001", "R5T.D0102.A001\R5T.D0102.A001.csproj", "{62295B7B-DD16-465F-AEBC-3BEED57F3974}"
EndProject
Project("{FAE04EC0-301F-11D3-BF4B-00C04F79EFBC}") = "R5T.D0102.I001", "R5T.D0102.I001\R5T.D0102.I001.csproj", "{38D9AD47-AC3F-41DF-8235-3327B7594A9C}"
EndProject
Project("{FAE04EC0-301F-11D3-BF4B-00C04F79EFBC}") = "R5T.D0102.Base", "R5T.D0102.Base\R5T.D0102.Base.csproj", "{B7DFAA19-09D6-45B0-B44E-B79D6A9B4093}"
EndProject
Project("{2150E333-8FDC-42A3-9474-1A3956D46DE8}") = "_Dependencies", "_Dependencies", "{A1F0E13A-45BE-40B0-9082-0ABD1B293A01}"
EndProject
Project("{FAE04EC0-301F-11D3-BF4B-00C04F79EFBC}") = "R5T.Dacia.Extensions", "..\..\R5T.Dacia.Extensions\source\R5T.Dacia.Extensions\R5T.Dacia.Extensions.csproj", "{DC3EF8DB-ED1F-413E-9E77-F7BD71E20A0D}"
EndProject
Project("{FAE04EC0-301F-11D3-BF4B-00C04F79EFBC}") = "R5T.Dacia.T002", "..\..\R5T.Dacia\source\R5T.Dacia.T002\R5T.Dacia.T002.csproj", "{8438966A-CD4C-49F8-BAA9-844EFF3740D7}"
EndProject
Project("{FAE04EC0-301F-11D3-BF4B-00C04F79EFBC}") = "R5T.T0064", "..\..\R5T.T0064\source\R5T.T0064\R5T.T0064.csproj", "{3308C81B-1734-428F-838A-85166689E228}"
EndProject
Project("{9A19103F-16F7-4668-BE54-9A1E7A4F7556}") = "R5T.D0048.Base", "..\..\R5T.D0048\source\R5T.D0048.Base\R5T.D0048.Base.csproj", "{76862D0D-9C77-4BEB-A696-35A5E1714C8B}"
EndProject
Project("{9A19103F-16F7-4668-BE54-9A1E7A4F7556}") = "R5T.Dacia", "..\..\R5T.Dacia\source\R5T.Dacia\R5T.Dacia.csproj", "{32DCEDC1-1D5B-48C9-BC77-43167A91D394}"
EndProject
Project("{9A19103F-16F7-4668-BE54-9A1E7A4F7556}") = "R5T.L0013", "..\..\R5T.L0013\source\R5T.L0013\R5T.L0013.csproj", "{4B1D8E1A-5762-4E51-95C0-E856DEA16908}"
EndProject
Project("{9A19103F-16F7-4668-BE54-9A1E7A4F7556}") = "R5T.L0015.X001", "..\..\R5T.L0015\source\R5T.L0015.X001\R5T.L0015.X001.csproj", "{B313DF84-F6CE-4A38-A2BC-1244CCB901D2}"
EndProject
Project("{9A19103F-16F7-4668-BE54-9A1E7A4F7556}") = "R5T.L0015", "..\..\R5T.L0015\source\R5T.L0015\R5T.L0015.csproj", "{523007DE-7F80-47B2-8E8C-5F4626D5CA88}"
EndProject
Project("{9A19103F-16F7-4668-BE54-9A1E7A4F7556}") = "R5T.Magyar", "..\..\R5T.Magyar\source\R5T.Magyar\R5T.Magyar.csproj", "{DA5CFFB9-4709-4D80-8EA1-AB2A4178CCCC}"
EndProject
Project("{9A19103F-16F7-4668-BE54-9A1E7A4F7556}") = "R5T.T0039.T002", "..\..\R5T.T0039\source\R5T.T0039.T002\R5T.T0039.T002.csproj", "{06E27E57-D22B-4C6E-A488-7A9AAA018E90}"
EndProject
Project("{9A19103F-16F7-4668-BE54-9A1E7A4F7556}") = "R5T.T0062.X001", "..\..\R5T.T0062\source\R5T.T0062.X001\R5T.T0062.X001.csproj", "{E448CCDE-E5FE-4C28-82F5-6F11BADFB113}"
EndProject
Project("{9A19103F-16F7-4668-BE54-9A1E7A4F7556}") = "R5T.T0062", "..\..\R5T.T0062\source\R5T.T0062\R5T.T0062.csproj", "{A973F9A0-7426-404A-ADA7-780F63E6A531}"
EndProject
Project("{9A19103F-16F7-4668-BE54-9A1E7A4F7556}") = "R5T.T0063", "..\..\R5T.T0063\source\R5T.T0063\R5T.T0063.csproj", "{9F07B62D-9BAF-4B88-87BA-72F7DF3A5C71}"
EndProject
Project("{9A19103F-16F7-4668-BE54-9A1E7A4F7556}") = "R5T.T0064.T001", "..\..\R5T.T0064\source\R5T.T0064.T001\R5T.T0064.T001.csproj", "{591BFD8E-2F03-4D91-B9EE-A6DC21D84CF2}"
EndProject
Project("{9A19103F-16F7-4668-BE54-9A1E7A4F7556}") = "R5T.T0143", "..\..\R5T.T0143\source\R5T.T0143\R5T.T0143.csproj", "{39112DB6-3E5F-4A17-AD90-A976F42BD090}"
EndProject
Global
	GlobalSection(NestedProjects) = preSolution
		{DC3EF8DB-ED1F-413E-9E77-F7BD71E20A0D} = {A1F0E13A-45BE-40B0-9082-0ABD1B293A01}
		{8438966A-CD4C-49F8-BAA9-844EFF3740D7} = {A1F0E13A-45BE-40B0-9082-0ABD1B293A01}
		{3308C81B-1734-428F-838A-85166689E228} = {A1F0E13A-45BE-40B0-9082-0ABD1B293A01}
		{76862D0D-9C77-4BEB-A696-35A5E1714C8B} = {A1F0E13A-45BE-40B0-9082-0ABD1B293A01}
		{32DCEDC1-1D5B-48C9-BC77-43167A91D394} = {A1F0E13A-45BE-40B0-9082-0ABD1B293A01}
		{4B1D8E1A-5762-4E51-95C0-E856DEA16908} = {A1F0E13A-45BE-40B0-9082-0ABD1B293A01}
		{B313DF84-F6CE-4A38-A2BC-1244CCB901D2} = {A1F0E13A-45BE-40B0-9082-0ABD1B293A01}
		{523007DE-7F80-47B2-8E8C-5F4626D5CA88} = {A1F0E13A-45BE-40B0-9082-0ABD1B293A01}
		{DA5CFFB9-4709-4D80-8EA1-AB2A4178CCCC} = {A1F0E13A-45BE-40B0-9082-0ABD1B293A01}
		{06E27E57-D22B-4C6E-A488-7A9AAA018E90} = {A1F0E13A-45BE-40B0-9082-0ABD1B293A01}
		{E448CCDE-E5FE-4C28-82F5-6F11BADFB113} = {A1F0E13A-45BE-40B0-9082-0ABD1B293A01}
		{A973F9A0-7426-404A-ADA7-780F63E6A531} = {A1F0E13A-45BE-40B0-9082-0ABD1B293A01}
		{9F07B62D-9BAF-4B88-87BA-72F7DF3A5C71} = {A1F0E13A-45BE-40B0-9082-0ABD1B293A01}
		{591BFD8E-2F03-4D91-B9EE-A6DC21D84CF2} = {A1F0E13A-45BE-40B0-9082-0ABD1B293A01}
		{39112DB6-3E5F-4A17-AD90-A976F42BD090} = {A1F0E13A-45BE-40B0-9082-0ABD1B293A01}
	EndGlobalSection
	GlobalSection(SolutionConfigurationPlatforms) = preSolution
		Debug|Any CPU = Debug|Any CPU
		Debug|x64 = Debug|x64
		Debug|x86 = Debug|x86
		Release|Any CPU = Release|Any CPU
		Release|x64 = Release|x64
		Release|x86 = Release|x86
	EndGlobalSection
	GlobalSection(ProjectConfigurationPlatforms) = postSolution
		{62295B7B-DD16-465F-AEBC-3BEED57F3974}.Debug|Any CPU.ActiveCfg = Debug|Any CPU
		{62295B7B-DD16-465F-AEBC-3BEED57F3974}.Debug|Any CPU.Build.0 = Debug|Any CPU
		{62295B7B-DD16-465F-AEBC-3BEED57F3974}.Debug|x64.ActiveCfg = Debug|Any CPU
		{62295B7B-DD16-465F-AEBC-3BEED57F3974}.Debug|x64.Build.0 = Debug|Any CPU
		{62295B7B-DD16-465F-AEBC-3BEED57F3974}.Debug|x86.ActiveCfg = Debug|Any CPU
		{62295B7B-DD16-465F-AEBC-3BEED57F3974}.Debug|x86.Build.0 = Debug|Any CPU
		{62295B7B-DD16-465F-AEBC-3BEED57F3974}.Release|Any CPU.ActiveCfg = Release|Any CPU
		{62295B7B-DD16-465F-AEBC-3BEED57F3974}.Release|Any CPU.Build.0 = Release|Any CPU
		{62295B7B-DD16-465F-AEBC-3BEED57F3974}.Release|x64.ActiveCfg = Release|Any CPU
		{62295B7B-DD16-465F-AEBC-3BEED57F3974}.Release|x64.Build.0 = Release|Any CPU
		{62295B7B-DD16-465F-AEBC-3BEED57F3974}.Release|x86.ActiveCfg = Release|Any CPU
		{62295B7B-DD16-465F-AEBC-3BEED57F3974}.Release|x86.Build.0 = Release|Any CPU
		{38D9AD47-AC3F-41DF-8235-3327B7594A9C}.Debug|Any CPU.ActiveCfg = Debug|Any CPU
		{38D9AD47-AC3F-41DF-8235-3327B7594A9C}.Debug|Any CPU.Build.0 = Debug|Any CPU
		{38D9AD47-AC3F-41DF-8235-3327B7594A9C}.Debug|x64.ActiveCfg = Debug|Any CPU
		{38D9AD47-AC3F-41DF-8235-3327B7594A9C}.Debug|x64.Build.0 = Debug|Any CPU
		{38D9AD47-AC3F-41DF-8235-3327B7594A9C}.Debug|x86.ActiveCfg = Debug|Any CPU
		{38D9AD47-AC3F-41DF-8235-3327B7594A9C}.Debug|x86.Build.0 = Debug|Any CPU
		{38D9AD47-AC3F-41DF-8235-3327B7594A9C}.Release|Any CPU.ActiveCfg = Release|Any CPU
		{38D9AD47-AC3F-41DF-8235-3327B7594A9C}.Release|Any CPU.Build.0 = Release|Any CPU
		{38D9AD47-AC3F-41DF-8235-3327B7594A9C}.Release|x64.ActiveCfg = Release|Any CPU
		{38D9AD47-AC3F-41DF-8235-3327B7594A9C}.Release|x64.Build.0 = Release|Any CPU
		{38D9AD47-AC3F-41DF-8235-3327B7594A9C}.Release|x86.ActiveCfg = Release|Any CPU
		{38D9AD47-AC3F-41DF-8235-3327B7594A9C}.Release|x86.Build.0 = Release|Any CPU
		{B7DFAA19-09D6-45B0-B44E-B79D6A9B4093}.Debug|Any CPU.ActiveCfg = Debug|Any CPU
		{B7DFAA19-09D6-45B0-B44E-B79D6A9B4093}.Debug|Any CPU.Build.0 = Debug|Any CPU
		{B7DFAA19-09D6-45B0-B44E-B79D6A9B4093}.Debug|x64.ActiveCfg = Debug|Any CPU
		{B7DFAA19-09D6-45B0-B44E-B79D6A9B4093}.Debug|x64.Build.0 = Debug|Any CPU
		{B7DFAA19-09D6-45B0-B44E-B79D6A9B4093}.Debug|x86.ActiveCfg = Debug|Any CPU
		{B7DFAA19-09D6-45B0-B44E-B79D6A9B4093}.Debug|x86.Build.0 = Debug|Any CPU
		{B7DFAA19-09D6-45B0-B44E-B79D6A9B4093}.Release|Any CPU.ActiveCfg = Release|Any CPU
		{B7DFAA19-09D6-45B0-B44E-B79D6A9B4093}.Release|Any CPU.Build.0 = Release|Any CPU
		{B7DFAA19-09D6-45B0-B44E-B79D6A9B4093}.Release|x64.ActiveCfg = Release|Any CPU
		{B7DFAA19-09D6-45B0-B44E-B79D6A9B4093}.Release|x64.Build.0 = Release|Any CPU
		{B7DFAA19-09D6-45B0-B44E-B79D6A9B4093}.Release|x86.ActiveCfg = Release|Any CPU
		{B7DFAA19-09D6-45B0-B44E-B79D6A9B4093}.Release|x86.Build.0 = Release|Any CPU
		{DC3EF8DB-ED1F-413E-9E77-F7BD71E20A0D}.Debug|Any CPU.ActiveCfg = Debug|Any CPU
		{DC3EF8DB-ED1F-413E-9E77-F7BD71E20A0D}.Debug|Any CPU.Build.0 = Debug|Any CPU
		{DC3EF8DB-ED1F-413E-9E77-F7BD71E20A0D}.Debug|x64.ActiveCfg = Debug|Any CPU
		{DC3EF8DB-ED1F-413E-9E77-F7BD71E20A0D}.Debug|x64.Build.0 = Debug|Any CPU
		{DC3EF8DB-ED1F-413E-9E77-F7BD71E20A0D}.Debug|x86.ActiveCfg = Debug|Any CPU
		{DC3EF8DB-ED1F-413E-9E77-F7BD71E20A0D}.Debug|x86.Build.0 = Debug|Any CPU
		{DC3EF8DB-ED1F-413E-9E77-F7BD71E20A0D}.Release|Any CPU.ActiveCfg = Release|Any CPU
		{DC3EF8DB-ED1F-413E-9E77-F7BD71E20A0D}.Release|Any CPU.Build.0 = Release|Any CPU
		{DC3EF8DB-ED1F-413E-9E77-F7BD71E20A0D}.Release|x64.ActiveCfg = Release|Any CPU
		{DC3EF8DB-ED1F-413E-9E77-F7BD71E20A0D}.Release|x64.Build.0 = Release|Any CPU
		{DC3EF8DB-ED1F-413E-9E77-F7BD71E20A0D}.Release|x86.ActiveCfg = Release|Any CPU
		{DC3EF8DB-ED1F-413E-9E77-F7BD71E20A0D}.Release|x86.Build.0 = Release|Any CPU
		{8438966A-CD4C-49F8-BAA9-844EFF3740D7}.Debug|Any CPU.ActiveCfg = Debug|Any CPU
		{8438966A-CD4C-49F8-BAA9-844EFF3740D7}.Debug|Any CPU.Build.0 = Debug|Any CPU
		{8438966A-CD4C-49F8-BAA9-844EFF3740D7}.Debug|x64.ActiveCfg = Debug|Any CPU
		{8438966A-CD4C-49F8-BAA9-844EFF3740D7}.Debug|x64.Build.0 = Debug|Any CPU
		{8438966A-CD4C-49F8-BAA9-844EFF3740D7}.Debug|x86.ActiveCfg = Debug|Any CPU
		{8438966A-CD4C-49F8-BAA9-844EFF3740D7}.Debug|x86.Build.0 = Debug|Any CPU
		{8438966A-CD4C-49F8-BAA9-844EFF3740D7}.Release|Any CPU.ActiveCfg = Release|Any CPU
		{8438966A-CD4C-49F8-BAA9-844EFF3740D7}.Release|Any CPU.Build.0 = Release|Any CPU
		{8438966A-CD4C-49F8-BAA9-844EFF3740D7}.Release|x64.ActiveCfg = Release|Any CPU
		{8438966A-CD4C-49F8-BAA9-844EFF3740D7}.Release|x64.Build.0 = Release|Any CPU
		{8438966A-CD4C-49F8-BAA9-844EFF3740D7}.Release|x86.ActiveCfg = Release|Any CPU
		{8438966A-CD4C-49F8-BAA9-844EFF3740D7}.Release|x86.Build.0 = Release|Any CPU
		{3308C81B-1734-428F-838A-85166689E228}.Debug|Any CPU.ActiveCfg = Debug|Any CPU
		{3308C81B-1734-428F-838A-85166689E228}.Debug|Any CPU.Build.0 = Debug|Any CPU
		{3308C81B-1734-428F-838A-85166689E228}.Debug|x64.ActiveCfg = Debug|Any CPU
		{3308C81B-1734-428F-838A-85166689E228}.Debug|x64.Build.0 = Debug|Any CPU
		{3308C81B-1734-428F-838A-85166689E228}.Debug|x86.ActiveCfg = Debug|Any CPU
		{3308C81B-1734-428F-838A-85166689E228}.Debug|x86.Build.0 = Debug|Any CPU
		{3308C81B-1734-428F-838A-85166689E228}.Release|Any CPU.ActiveCfg = Release|Any CPU
		{3308C81B-1734-428F-838A-85166689E228}.Release|Any CPU.Build.0 = Release|Any CPU
		{3308C81B-1734-428F-838A-85166689E228}.Release|x64.ActiveCfg = Release|Any CPU
		{3308C81B-1734-428F-838A-85166689E228}.Release|x64.Build.0 = Release|Any CPU
		{3308C81B-1734-428F-838A-85166689E228}.Release|x86.ActiveCfg = Release|Any CPU
		{3308C81B-1734-428F-838A-85166689E228}.Release|x86.Build.0 = Release|Any CPU
		{76862D0D-9C77-4BEB-A696-35A5E1714C8B}.Debug|Any CPU.ActiveCfg = Debug|Any CPU
		{76862D0D-9C77-4BEB-A696-35A5E1714C8B}.Debug|Any CPU.Build.0 = Debug|Any CPU
		{76862D0D-9C77-4BEB-A696-35A5E1714C8B}.Debug|x64.ActiveCfg = Debug|Any CPU
		{76862D0D-9C77-4BEB-A696-35A5E1714C8B}.Debug|x64.Build.0 = Debug|Any CPU
		{76862D0D-9C77-4BEB-A696-35A5E1714C8B}.Debug|x86.ActiveCfg = Debug|Any CPU
		{76862D0D-9C77-4BEB-A696-35A5E1714C8B}.Debug|x86.Build.0 = Debug|Any CPU
		{76862D0D-9C77-4BEB-A696-35A5E1714C8B}.Release|Any CPU.ActiveCfg = Release|Any CPU
		{76862D0D-9C77-4BEB-A696-35A5E1714C8B}.Release|Any CPU.Build.0 = Release|Any CPU
		{76862D0D-9C77-4BEB-A696-35A5E1714C8B}.Release|x64.ActiveCfg = Release|Any CPU
		{76862D0D-9C77-4BEB-A696-35A5E1714C8B}.Release|x64.Build.0 = Release|Any CPU
		{76862D0D-9C77-4BEB-A696-35A5E1714C8B}.Release|x86.ActiveCfg = Release|Any CPU
		{76862D0D-9C77-4BEB-A696-35A5E1714C8B}.Release|x86.Build.0 = Release|Any CPU
		{32DCEDC1-1D5B-48C9-BC77-43167A91D394}.Debug|Any CPU.ActiveCfg = Debug|Any CPU
		{32DCEDC1-1D5B-48C9-BC77-43167A91D394}.Debug|Any CPU.Build.0 = Debug|Any CPU
		{32DCEDC1-1D5B-48C9-BC77-43167A91D394}.Debug|x64.ActiveCfg = Debug|Any CPU
		{32DCEDC1-1D5B-48C9-BC77-43167A91D394}.Debug|x64.Build.0 = Debug|Any CPU
		{32DCEDC1-1D5B-48C9-BC77-43167A91D394}.Debug|x86.ActiveCfg = Debug|Any CPU
		{32DCEDC1-1D5B-48C9-BC77-43167A91D394}.Debug|x86.Build.0 = Debug|Any CPU
		{32DCEDC1-1D5B-48C9-BC77-43167A91D394}.Release|Any CPU.ActiveCfg = Release|Any CPU
		{32DCEDC1-1D5B-48C9-BC77-43167A91D394}.Release|Any CPU.Build.0 = Release|Any CPU
		{32DCEDC1-1D5B-48C9-BC77-43167A91D394}.Release|x64.ActiveCfg = Release|Any CPU
		{32DCEDC1-1D5B-48C9-BC77-43167A91D394}.Release|x64.Build.0 = Release|Any CPU
		{32DCEDC1-1D5B-48C9-BC77-43167A91D394}.Release|x86.ActiveCfg = Release|Any CPU
		{32DCEDC1-1D5B-48C9-BC77-43167A91D394}.Release|x86.Build.0 = Release|Any CPU
		{4B1D8E1A-5762-4E51-95C0-E856DEA16908}.Debug|Any CPU.ActiveCfg = Debug|Any CPU
		{4B1D8E1A-5762-4E51-95C0-E856DEA16908}.Debug|Any CPU.Build.0 = Debug|Any CPU
		{4B1D8E1A-5762-4E51-95C0-E856DEA16908}.Debug|x64.ActiveCfg = Debug|Any CPU
		{4B1D8E1A-5762-4E51-95C0-E856DEA16908}.Debug|x64.Build.0 = Debug|Any CPU
		{4B1D8E1A-5762-4E51-95C0-E856DEA16908}.Debug|x86.ActiveCfg = Debug|Any CPU
		{4B1D8E1A-5762-4E51-95C0-E856DEA16908}.Debug|x86.Build.0 = Debug|Any CPU
		{4B1D8E1A-5762-4E51-95C0-E856DEA16908}.Release|Any CPU.ActiveCfg = Release|Any CPU
		{4B1D8E1A-5762-4E51-95C0-E856DEA16908}.Release|Any CPU.Build.0 = Release|Any CPU
		{4B1D8E1A-5762-4E51-95C0-E856DEA16908}.Release|x64.ActiveCfg = Release|Any CPU
		{4B1D8E1A-5762-4E51-95C0-E856DEA16908}.Release|x64.Build.0 = Release|Any CPU
		{4B1D8E1A-5762-4E51-95C0-E856DEA16908}.Release|x86.ActiveCfg = Release|Any CPU
		{4B1D8E1A-5762-4E51-95C0-E856DEA16908}.Release|x86.Build.0 = Release|Any CPU
		{B313DF84-F6CE-4A38-A2BC-1244CCB901D2}.Debug|Any CPU.ActiveCfg = Debug|Any CPU
		{B313DF84-F6CE-4A38-A2BC-1244CCB901D2}.Debug|Any CPU.Build.0 = Debug|Any CPU
		{B313DF84-F6CE-4A38-A2BC-1244CCB901D2}.Debug|x64.ActiveCfg = Debug|Any CPU
		{B313DF84-F6CE-4A38-A2BC-1244CCB901D2}.Debug|x64.Build.0 = Debug|Any CPU
		{B313DF84-F6CE-4A38-A2BC-1244CCB901D2}.Debug|x86.ActiveCfg = Debug|Any CPU
		{B313DF84-F6CE-4A38-A2BC-1244CCB901D2}.Debug|x86.Build.0 = Debug|Any CPU
		{B313DF84-F6CE-4A38-A2BC-1244CCB901D2}.Release|Any CPU.ActiveCfg = Release|Any CPU
		{B313DF84-F6CE-4A38-A2BC-1244CCB901D2}.Release|Any CPU.Build.0 = Release|Any CPU
		{B313DF84-F6CE-4A38-A2BC-1244CCB901D2}.Release|x64.ActiveCfg = Release|Any CPU
		{B313DF84-F6CE-4A38-A2BC-1244CCB901D2}.Release|x64.Build.0 = Release|Any CPU
		{B313DF84-F6CE-4A38-A2BC-1244CCB901D2}.Release|x86.ActiveCfg = Release|Any CPU
		{B313DF84-F6CE-4A38-A2BC-1244CCB901D2}.Release|x86.Build.0 = Release|Any CPU
		{523007DE-7F80-47B2-8E8C-5F4626D5CA88}.Debug|Any CPU.ActiveCfg = Debug|Any CPU
		{523007DE-7F80-47B2-8E8C-5F4626D5CA88}.Debug|Any CPU.Build.0 = Debug|Any CPU
		{523007DE-7F80-47B2-8E8C-5F4626D5CA88}.Debug|x64.ActiveCfg = Debug|Any CPU
		{523007DE-7F80-47B2-8E8C-5F4626D5CA88}.Debug|x64.Build.0 = Debug|Any CPU
		{523007DE-7F80-47B2-8E8C-5F4626D5CA88}.Debug|x86.ActiveCfg = Debug|Any CPU
		{523007DE-7F80-47B2-8E8C-5F4626D5CA88}.Debug|x86.Build.0 = Debug|Any CPU
		{523007DE-7F80-47B2-8E8C-5F4626D5CA88}.Release|Any CPU.ActiveCfg = Release|Any CPU
		{523007DE-7F80-47B2-8E8C-5F4626D5CA88}.Release|Any CPU.Build.0 = Release|Any CPU
		{523007DE-7F80-47B2-8E8C-5F4626D5CA88}.Release|x64.ActiveCfg = Release|Any CPU
		{523007DE-7F80-47B2-8E8C-5F4626D5CA88}.Release|x64.Build.0 = Release|Any CPU
		{523007DE-7F80-47B2-8E8C-5F4626D5CA88}.Release|x86.ActiveCfg = Release|Any CPU
		{523007DE-7F80-47B2-8E8C-5F4626D5CA88}.Release|x86.Build.0 = Release|Any CPU
		{DA5CFFB9-4709-4D80-8EA1-AB2A4178CCCC}.Debug|Any CPU.ActiveCfg = Debug|Any CPU
		{DA5CFFB9-4709-4D80-8EA1-AB2A4178CCCC}.Debug|Any CPU.Build.0 = Debug|Any CPU
		{DA5CFFB9-4709-4D80-8EA1-AB2A4178CCCC}.Debug|x64.ActiveCfg = Debug|Any CPU
		{DA5CFFB9-4709-4D80-8EA1-AB2A4178CCCC}.Debug|x64.Build.0 = Debug|Any CPU
		{DA5CFFB9-4709-4D80-8EA1-AB2A4178CCCC}.Debug|x86.ActiveCfg = Debug|Any CPU
		{DA5CFFB9-4709-4D80-8EA1-AB2A4178CCCC}.Debug|x86.Build.0 = Debug|Any CPU
		{DA5CFFB9-4709-4D80-8EA1-AB2A4178CCCC}.Release|Any CPU.ActiveCfg = Release|Any CPU
		{DA5CFFB9-4709-4D80-8EA1-AB2A4178CCCC}.Release|Any CPU.Build.0 = Release|Any CPU
		{DA5CFFB9-4709-4D80-8EA1-AB2A4178CCCC}.Release|x64.ActiveCfg = Release|Any CPU
		{DA5CFFB9-4709-4D80-8EA1-AB2A4178CCCC}.Release|x64.Build.0 = Release|Any CPU
		{DA5CFFB9-4709-4D80-8EA1-AB2A4178CCCC}.Release|x86.ActiveCfg = Release|Any CPU
		{DA5CFFB9-4709-4D80-8EA1-AB2A4178CCCC}.Release|x86.Build.0 = Release|Any CPU
		{06E27E57-D22B-4C6E-A488-7A9AAA018E90}.Debug|Any CPU.ActiveCfg = Debug|Any CPU
		{06E27E57-D22B-4C6E-A488-7A9AAA018E90}.Debug|Any CPU.Build.0 = Debug|Any CPU
		{06E27E57-D22B-4C6E-A488-7A9AAA018E90}.Debug|x64.ActiveCfg = Debug|Any CPU
		{06E27E57-D22B-4C6E-A488-7A9AAA018E90}.Debug|x64.Build.0 = Debug|Any CPU
		{06E27E57-D22B-4C6E-A488-7A9AAA018E90}.Debug|x86.ActiveCfg = Debug|Any CPU
		{06E27E57-D22B-4C6E-A488-7A9AAA018E90}.Debug|x86.Build.0 = Debug|Any CPU
		{06E27E57-D22B-4C6E-A488-7A9AAA018E90}.Release|Any CPU.ActiveCfg = Release|Any CPU
		{06E27E57-D22B-4C6E-A488-7A9AAA018E90}.Release|Any CPU.Build.0 = Release|Any CPU
		{06E27E57-D22B-4C6E-A488-7A9AAA018E90}.Release|x64.ActiveCfg = Release|Any CPU
		{06E27E57-D22B-4C6E-A488-7A9AAA018E90}.Release|x64.Build.0 = Release|Any CPU
		{06E27E57-D22B-4C6E-A488-7A9AAA018E90}.Release|x86.ActiveCfg = Release|Any CPU
		{06E27E57-D22B-4C6E-A488-7A9AAA018E90}.Release|x86.Build.0 = Release|Any CPU
		{E448CCDE-E5FE-4C28-82F5-6F11BADFB113}.Debug|Any CPU.ActiveCfg = Debug|Any CPU
		{E448CCDE-E5FE-4C28-82F5-6F11BADFB113}.Debug|Any CPU.Build.0 = Debug|Any CPU
		{E448CCDE-E5FE-4C28-82F5-6F11BADFB113}.Debug|x64.ActiveCfg = Debug|Any CPU
		{E448CCDE-E5FE-4C28-82F5-6F11BADFB113}.Debug|x64.Build.0 = Debug|Any CPU
		{E448CCDE-E5FE-4C28-82F5-6F11BADFB113}.Debug|x86.ActiveCfg = Debug|Any CPU
		{E448CCDE-E5FE-4C28-82F5-6F11BADFB113}.Debug|x86.Build.0 = Debug|Any CPU
		{E448CCDE-E5FE-4C28-82F5-6F11BADFB113}.Release|Any CPU.ActiveCfg = Release|Any CPU
		{E448CCDE-E5FE-4C28-82F5-6F11BADFB113}.Release|Any CPU.Build.0 = Release|Any CPU
		{E448CCDE-E5FE-4C28-82F5-6F11BADFB113}.Release|x64.ActiveCfg = Release|Any CPU
		{E448CCDE-E5FE-4C28-82F5-6F11BADFB113}.Release|x64.Build.0 = Release|Any CPU
		{E448CCDE-E5FE-4C28-82F5-6F11BADFB113}.Release|x86.ActiveCfg = Release|Any CPU
		{E448CCDE-E5FE-4C28-82F5-6F11BADFB113}.Release|x86.Build.0 = Release|Any CPU
		{A973F9A0-7426-404A-ADA7-780F63E6A531}.Debug|Any CPU.ActiveCfg = Debug|Any CPU
		{A973F9A0-7426-404A-ADA7-780F63E6A531}.Debug|Any CPU.Build.0 = Debug|Any CPU
		{A973F9A0-7426-404A-ADA7-780F63E6A531}.Debug|x64.ActiveCfg = Debug|Any CPU
		{A973F9A0-7426-404A-ADA7-780F63E6A531}.Debug|x64.Build.0 = Debug|Any CPU
		{A973F9A0-7426-404A-ADA7-780F63E6A531}.Debug|x86.ActiveCfg = Debug|Any CPU
		{A973F9A0-7426-404A-ADA7-780F63E6A531}.Debug|x86.Build.0 = Debug|Any CPU
		{A973F9A0-7426-404A-ADA7-780F63E6A531}.Release|Any CPU.ActiveCfg = Release|Any CPU
		{A973F9A0-7426-404A-ADA7-780F63E6A531}.Release|Any CPU.Build.0 = Release|Any CPU
		{A973F9A0-7426-404A-ADA7-780F63E6A531}.Release|x64.ActiveCfg = Release|Any CPU
		{A973F9A0-7426-404A-ADA7-780F63E6A531}.Release|x64.Build.0 = Release|Any CPU
		{A973F9A0-7426-404A-ADA7-780F63E6A531}.Release|x86.ActiveCfg = Release|Any CPU
		{A973F9A0-7426-404A-ADA7-780F63E6A531}.Release|x86.Build.0 = Release|Any CPU
		{9F07B62D-9BAF-4B88-87BA-72F7DF3A5C71}.Debug|Any CPU.ActiveCfg = Debug|Any CPU
		{9F07B62D-9BAF-4B88-87BA-72F7DF3A5C71}.Debug|Any CPU.Build.0 = Debug|Any CPU
		{9F07B62D-9BAF-4B88-87BA-72F7DF3A5C71}.Debug|x64.ActiveCfg = Debug|Any CPU
		{9F07B62D-9BAF-4B88-87BA-72F7DF3A5C71}.Debug|x64.Build.0 = Debug|Any CPU
		{9F07B62D-9BAF-4B88-87BA-72F7DF3A5C71}.Debug|x86.ActiveCfg = Debug|Any CPU
		{9F07B62D-9BAF-4B88-87BA-72F7DF3A5C71}.Debug|x86.Build.0 = Debug|Any CPU
		{9F07B62D-9BAF-4B88-87BA-72F7DF3A5C71}.Release|Any CPU.ActiveCfg = Release|Any CPU
		{9F07B62D-9BAF-4B88-87BA-72F7DF3A5C71}.Release|Any CPU.Build.0 = Release|Any CPU
		{9F07B62D-9BAF-4B88-87BA-72F7DF3A5C71}.Release|x64.ActiveCfg = Release|Any CPU
		{9F07B62D-9BAF-4B88-87BA-72F7DF3A5C71}.Release|x64.Build.0 = Release|Any CPU
		{9F07B62D-9BAF-4B88-87BA-72F7DF3A5C71}.Release|x86.ActiveCfg = Release|Any CPU
		{9F07B62D-9BAF-4B88-87BA-72F7DF3A5C71}.Release|x86.Build.0 = Release|Any CPU
		{591BFD8E-2F03-4D91-B9EE-A6DC21D84CF2}.Debug|Any CPU.ActiveCfg = Debug|Any CPU
		{591BFD8E-2F03-4D91-B9EE-A6DC21D84CF2}.Debug|Any CPU.Build.0 = Debug|Any CPU
		{591BFD8E-2F03-4D91-B9EE-A6DC21D84CF2}.Debug|x64.ActiveCfg = Debug|Any CPU
		{591BFD8E-2F03-4D91-B9EE-A6DC21D84CF2}.Debug|x64.Build.0 = Debug|Any CPU
		{591BFD8E-2F03-4D91-B9EE-A6DC21D84CF2}.Debug|x86.ActiveCfg = Debug|Any CPU
		{591BFD8E-2F03-4D91-B9EE-A6DC21D84CF2}.Debug|x86.Build.0 = Debug|Any CPU
		{591BFD8E-2F03-4D91-B9EE-A6DC21D84CF2}.Release|Any CPU.ActiveCfg = Release|Any CPU
		{591BFD8E-2F03-4D91-B9EE-A6DC21D84CF2}.Release|Any CPU.Build.0 = Release|Any CPU
		{591BFD8E-2F03-4D91-B9EE-A6DC21D84CF2}.Release|x64.ActiveCfg = Release|Any CPU
		{591BFD8E-2F03-4D91-B9EE-A6DC21D84CF2}.Release|x64.Build.0 = Release|Any CPU
		{591BFD8E-2F03-4D91-B9EE-A6DC21D84CF2}.Release|x86.ActiveCfg = Release|Any CPU
		{591BFD8E-2F03-4D91-B9EE-A6DC21D84CF2}.Release|x86.Build.0 = Release|Any CPU
		{39112DB6-3E5F-4A17-AD90-A976F42BD090}.Debug|Any CPU.ActiveCfg = Debug|Any CPU
		{39112DB6-3E5F-4A17-AD90-A976F42BD090}.Debug|Any CPU.Build.0 = Debug|Any CPU
		{39112DB6-3E5F-4A17-AD90-A976F42BD090}.Debug|x64.ActiveCfg = Debug|Any CPU
		{39112DB6-3E5F-4A17-AD90-A976F42BD090}.Debug|x64.Build.0 = Debug|Any CPU
		{39112DB6-3E5F-4A17-AD90-A976F42BD090}.Debug|x86.ActiveCfg = Debug|Any CPU
		{39112DB6-3E5F-4A17-AD90-A976F42BD090}.Debug|x86.Build.0 = Debug|Any CPU
		{39112DB6-3E5F-4A17-AD90-A976F42BD090}.Release|Any CPU.ActiveCfg = Release|Any CPU
		{39112DB6-3E5F-4A17-AD90-A976F42BD090}.Release|Any CPU.Build.0 = Release|Any CPU
		{39112DB6-3E5F-4A17-AD90-A976F42BD090}.Release|x64.ActiveCfg = Release|Any CPU
		{39112DB6-3E5F-4A17-AD90-A976F42BD090}.Release|x64.Build.0 = Release|Any CPU
		{39112DB6-3E5F-4A17-AD90-A976F42BD090}.Release|x86.ActiveCfg = Release|Any CPU
		{39112DB6-3E5F-4A17-AD90-A976F42BD090}.Release|x86.Build.0 = Release|Any CPU
	EndGlobalSection
	GlobalSection(SolutionProperties) = preSolution
		HideSolutionNode = FALSE
	EndGlobalSection
EndGlobal
