
Microsoft Visual Studio Solution File, Format Version 12.00
# Visual Studio Version 16
VisualStudioVersion = 16.6.30114.105
MinimumVisualStudioVersion = 10.0.40219.1
Project("{FAE04EC0-301F-11D3-BF4B-00C04F79EFBC}") = "R5T.D0102.A001", "R5T.D0102.A001\R5T.D0102.A001.csproj", "{62295B7B-DD16-465F-AEBC-3BEED57F3974}"
EndProject
Project("{FAE04EC0-301F-11D3-BF4B-00C04F79EFBC}") = "R5T.D0102.I001", "R5T.D0102.I001\R5T.D0102.I001.csproj", "{38D9AD47-AC3F-41DF-8235-3327B7594A9C}"
EndProject
Project("{FAE04EC0-301F-11D3-BF4B-00C04F79EFBC}") = "R5T.D0102.Base", "R5T.D0102.Base\R5T.D0102.Base.csproj", "{B7DFAA19-09D6-45B0-B44E-B79D6A9B4093}"
EndProject
Project("{2150E333-8FDC-42A3-9474-1A3956D46DE8}") = "_Dependencies", "_Dependencies", "{A1F0E13A-45BE-40B0-9082-0ABD1B293A01}"
EndProject
Project("{FAE04EC0-301F-11D3-BF4B-00C04F79EFBC}") = "R5T.Dacia.Extensions", "..\..\R5T.Dacia.Extensions\source\R5T.Dacia.Extensions\R5T.Dacia.Extensions.csproj", "{DC3EF8DB-ED1F-413E-9E77-F7BD71E20A0D}"
EndProject
Project("{FAE04EC0-301F-11D3-BF4B-00C04F79EFBC}") = "R5T.Dacia.T002", "..\..\R5T.Dacia\source\R5T.Dacia.T002\R5T.Dacia.T002.csproj", "{8438966A-CD4C-49F8-BAA9-844EFF3740D7}"
EndProject
Project("{FAE04EC0-301F-11D3-BF4B-00C04F79EFBC}") = "R5T.T0064", "..\..\R5T.T0064\source\R5T.T0064\R5T.T0064.csproj", "{3308C81B-1734-428F-838A-85166689E228}"
EndProject
Global
	GlobalSection(SolutionConfigurationPlatforms) = preSolution
		Debug|Any CPU = Debug|Any CPU
		Debug|x64 = Debug|x64
		Debug|x86 = Debug|x86
		Release|Any CPU = Release|Any CPU
		Release|x64 = Release|x64
		Release|x86 = Release|x86
	EndGlobalSection
	GlobalSection(SolutionProperties) = preSolution
		HideSolutionNode = FALSE
	EndGlobalSection
	GlobalSection(ProjectConfigurationPlatforms) = postSolution
		{62295B7B-DD16-465F-AEBC-3BEED57F3974}.Debug|Any CPU.ActiveCfg = Debug|Any CPU
		{62295B7B-DD16-465F-AEBC-3BEED57F3974}.Debug|Any CPU.Build.0 = Debug|Any CPU
		{62295B7B-DD16-465F-AEBC-3BEED57F3974}.Debug|x64.ActiveCfg = Debug|Any CPU
		{62295B7B-DD16-465F-AEBC-3BEED57F3974}.Debug|x64.Build.0 = Debug|Any CPU
		{62295B7B-DD16-465F-AEBC-3BEED57F3974}.Debug|x86.ActiveCfg = Debug|Any CPU
		{62295B7B-DD16-465F-AEBC-3BEED57F3974}.Debug|x86.Build.0 = Debug|Any CPU
		{62295B7B-DD16-465F-AEBC-3BEED57F3974}.Release|Any CPU.ActiveCfg = Release|Any CPU
		{62295B7B-DD16-465F-AEBC-3BEED57F3974}.Release|Any CPU.Build.0 = Release|Any CPU
		{62295B7B-DD16-465F-AEBC-3BEED57F3974}.Release|x64.ActiveCfg = Release|Any CPU
		{62295B7B-DD16-465F-AEBC-3BEED57F3974}.Release|x64.Build.0 = Release|Any CPU
		{62295B7B-DD16-465F-AEBC-3BEED57F3974}.Release|x86.ActiveCfg = Release|Any CPU
		{62295B7B-DD16-465F-AEBC-3BEED57F3974}.Release|x86.Build.0 = Release|Any CPU
		{38D9AD47-AC3F-41DF-8235-3327B7594A9C}.Debug|Any CPU.ActiveCfg = Debug|Any CPU
		{38D9AD47-AC3F-41DF-8235-3327B7594A9C}.Debug|Any CPU.Build.0 = Debug|Any CPU
		{38D9AD47-AC3F-41DF-8235-3327B7594A9C}.Debug|x64.ActiveCfg = Debug|Any CPU
		{38D9AD47-AC3F-41DF-8235-3327B7594A9C}.Debug|x64.Build.0 = Debug|Any CPU
		{38D9AD47-AC3F-41DF-8235-3327B7594A9C}.Debug|x86.ActiveCfg = Debug|Any CPU
		{38D9AD47-AC3F-41DF-8235-3327B7594A9C}.Debug|x86.Build.0 = Debug|Any CPU
		{38D9AD47-AC3F-41DF-8235-3327B7594A9C}.Release|Any CPU.ActiveCfg = Release|Any CPU
		{38D9AD47-AC3F-41DF-8235-3327B7594A9C}.Release|Any CPU.Build.0 = Release|Any CPU
		{38D9AD47-AC3F-41DF-8235-3327B7594A9C}.Release|x64.ActiveCfg = Release|Any CPU
		{38D9AD47-AC3F-41DF-8235-3327B7594A9C}.Release|x64.Build.0 = Release|Any CPU
		{38D9AD47-AC3F-41DF-8235-3327B7594A9C}.Release|x86.ActiveCfg = Release|Any CPU
		{38D9AD47-AC3F-41DF-8235-3327B7594A9C}.Release|x86.Build.0 = Release|Any CPU
		{B7DFAA19-09D6-45B0-B44E-B79D6A9B4093}.Debug|Any CPU.ActiveCfg = Debug|Any CPU
		{B7DFAA19-09D6-45B0-B44E-B79D6A9B4093}.Debug|Any CPU.Build.0 = Debug|Any CPU
		{B7DFAA19-09D6-45B0-B44E-B79D6A9B4093}.Debug|x64.ActiveCfg = Debug|Any CPU
		{B7DFAA19-09D6-45B0-B44E-B79D6A9B4093}.Debug|x64.Build.0 = Debug|Any CPU
		{B7DFAA19-09D6-45B0-B44E-B79D6A9B4093}.Debug|x86.ActiveCfg = Debug|Any CPU
		{B7DFAA19-09D6-45B0-B44E-B79D6A9B4093}.Debug|x86.Build.0 = Debug|Any CPU
		{B7DFAA19-09D6-45B0-B44E-B79D6A9B4093}.Release|Any CPU.ActiveCfg = Release|Any CPU
		{B7DFAA19-09D6-45B0-B44E-B79D6A9B4093}.Release|Any CPU.Build.0 = Release|Any CPU
		{B7DFAA19-09D6-45B0-B44E-B79D6A9B4093}.Release|x64.ActiveCfg = Release|Any CPU
		{B7DFAA19-09D6-45B0-B44E-B79D6A9B4093}.Release|x64.Build.0 = Release|Any CPU
		{B7DFAA19-09D6-45B0-B44E-B79D6A9B4093}.Release|x86.ActiveCfg = Release|Any CPU
		{B7DFAA19-09D6-45B0-B44E-B79D6A9B4093}.Release|x86.Build.0 = Release|Any CPU
		{DC3EF8DB-ED1F-413E-9E77-F7BD71E20A0D}.Debug|Any CPU.ActiveCfg = Debug|Any CPU
		{DC3EF8DB-ED1F-413E-9E77-F7BD71E20A0D}.Debug|Any CPU.Build.0 = Debug|Any CPU
		{DC3EF8DB-ED1F-413E-9E77-F7BD71E20A0D}.Debug|x64.ActiveCfg = Debug|Any CPU
		{DC3EF8DB-ED1F-413E-9E77-F7BD71E20A0D}.Debug|x64.Build.0 = Debug|Any CPU
		{DC3EF8DB-ED1F-413E-9E77-F7BD71E20A0D}.Debug|x86.ActiveCfg = Debug|Any CPU
		{DC3EF8DB-ED1F-413E-9E77-F7BD71E20A0D}.Debug|x86.Build.0 = Debug|Any CPU
		{DC3EF8DB-ED1F-413E-9E77-F7BD71E20A0D}.Release|Any CPU.ActiveCfg = Release|Any CPU
		{DC3EF8DB-ED1F-413E-9E77-F7BD71E20A0D}.Release|Any CPU.Build.0 = Release|Any CPU
		{DC3EF8DB-ED1F-413E-9E77-F7BD71E20A0D}.Release|x64.ActiveCfg = Release|Any CPU
		{DC3EF8DB-ED1F-413E-9E77-F7BD71E20A0D}.Release|x64.Build.0 = Release|Any CPU
		{DC3EF8DB-ED1F-413E-9E77-F7BD71E20A0D}.Release|x86.ActiveCfg = Release|Any CPU
		{DC3EF8DB-ED1F-413E-9E77-F7BD71E20A0D}.Release|x86.Build.0 = Release|Any CPU
		{8438966A-CD4C-49F8-BAA9-844EFF3740D7}.Debug|Any CPU.ActiveCfg = Debug|Any CPU
		{8438966A-CD4C-49F8-BAA9-844EFF3740D7}.Debug|Any CPU.Build.0 = Debug|Any CPU
		{8438966A-CD4C-49F8-BAA9-844EFF3740D7}.Debug|x64.ActiveCfg = Debug|Any CPU
		{8438966A-CD4C-49F8-BAA9-844EFF3740D7}.Debug|x64.Build.0 = Debug|Any CPU
		{8438966A-CD4C-49F8-BAA9-844EFF3740D7}.Debug|x86.ActiveCfg = Debug|Any CPU
		{8438966A-CD4C-49F8-BAA9-844EFF3740D7}.Debug|x86.Build.0 = Debug|Any CPU
		{8438966A-CD4C-49F8-BAA9-844EFF3740D7}.Release|Any CPU.ActiveCfg = Release|Any CPU
		{8438966A-CD4C-49F8-BAA9-844EFF3740D7}.Release|Any CPU.Build.0 = Release|Any CPU
		{8438966A-CD4C-49F8-BAA9-844EFF3740D7}.Release|x64.ActiveCfg = Release|Any CPU
		{8438966A-CD4C-49F8-BAA9-844EFF3740D7}.Release|x64.Build.0 = Release|Any CPU
		{8438966A-CD4C-49F8-BAA9-844EFF3740D7}.Release|x86.ActiveCfg = Release|Any CPU
		{8438966A-CD4C-49F8-BAA9-844EFF3740D7}.Release|x86.Build.0 = Release|Any CPU
		{3308C81B-1734-428F-838A-85166689E228}.Debug|Any CPU.ActiveCfg = Debug|Any CPU
		{3308C81B-1734-428F-838A-85166689E228}.Debug|Any CPU.Build.0 = Debug|Any CPU
		{3308C81B-1734-428F-838A-85166689E228}.Debug|x64.ActiveCfg = Debug|Any CPU
		{3308C81B-1734-428F-838A-85166689E228}.Debug|x64.Build.0 = Debug|Any CPU
		{3308C81B-1734-428F-838A-85166689E228}.Debug|x86.ActiveCfg = Debug|Any CPU
		{3308C81B-1734-428F-838A-85166689E228}.Debug|x86.Build.0 = Debug|Any CPU
		{3308C81B-1734-428F-838A-85166689E228}.Release|Any CPU.ActiveCfg = Release|Any CPU
		{3308C81B-1734-428F-838A-85166689E228}.Release|Any CPU.Build.0 = Release|Any CPU
		{3308C81B-1734-428F-838A-85166689E228}.Release|x64.ActiveCfg = Release|Any CPU
		{3308C81B-1734-428F-838A-85166689E228}.Release|x64.Build.0 = Release|Any CPU
		{3308C81B-1734-428F-838A-85166689E228}.Release|x86.ActiveCfg = Release|Any CPU
		{3308C81B-1734-428F-838A-85166689E228}.Release|x86.Build.0 = Release|Any CPU
	EndGlobalSection
	GlobalSection(NestedProjects) = preSolution
		{DC3EF8DB-ED1F-413E-9E77-F7BD71E20A0D} = {A1F0E13A-45BE-40B0-9082-0ABD1B293A01}
		{8438966A-CD4C-49F8-BAA9-844EFF3740D7} = {A1F0E13A-45BE-40B0-9082-0ABD1B293A01}
		{3308C81B-1734-428F-838A-85166689E228} = {A1F0E13A-45BE-40B0-9082-0ABD1B293A01}
	EndGlobalSection
EndGlobal
