
Microsoft Visual Studio Solution File, Format Version 12.00
# Visual Studio Version 16
VisualStudioVersion = 16.6.30114.105
MinimumVisualStudioVersion = 10.0.40219.1
Project("{9A19103F-16F7-4668-BE54-9A1E7A4F7556}") = "R5T.D0102.Base", "R5T.D0102.Base\R5T.D0102.Base.csproj", "{2C7AA970-AC48-4AE0-B7B0-738A8A52AD13}"
EndProject
Project("{2150E333-8FDC-42A3-9474-1A3956D46DE8}") = "_Dependencies", "_Dependencies", "{364D5687-41F1-4757-8B11-9DA5C2253AC9}"
EndProject
Project("{9A19103F-16F7-4668-BE54-9A1E7A4F7556}") = "R5T.D0102.I001", "R5T.D0102.I001\R5T.D0102.I001.csproj", "{A93962FE-BBC4-409F-82B4-A4278707A27A}"
EndProject
Project("{9A19103F-16F7-4668-BE54-9A1E7A4F7556}") = "R5T.T0064", "..\..\R5T.T0064\source\R5T.T0064\R5T.T0064.csproj", "{EB8931B7-C07A-47F0-8F8E-2DBBC474BA83}"
EndProject
Project("{9A19103F-16F7-4668-BE54-9A1E7A4F7556}") = "R5T.T0062.X001", "..\..\R5T.T0062\source\R5T.T0062.X001\R5T.T0062.X001.csproj", "{921F04CE-E6D2-4794-8B72-23EB51538E99}"
EndProject
Project("{9A19103F-16F7-4668-BE54-9A1E7A4F7556}") = "R5T.L0015", "..\..\R5T.L0015\source\R5T.L0015\R5T.L0015.csproj", "{F85B5965-FAE0-40D5-AF8D-8BBAB7DE2F38}"
EndProject
Project("{9A19103F-16F7-4668-BE54-9A1E7A4F7556}") = "R5T.L0015.X001", "..\..\R5T.L0015\source\R5T.L0015.X001\R5T.L0015.X001.csproj", "{45F5ED19-9707-490C-BF26-638E449AC312}"
EndProject
Project("{9A19103F-16F7-4668-BE54-9A1E7A4F7556}") = "R5T.D0048.Base", "..\..\R5T.D0048\source\R5T.D0048.Base\R5T.D0048.Base.csproj", "{69057FD8-B717-4896-89AF-C1FE2593D771}"
EndProject
Project("{9A19103F-16F7-4668-BE54-9A1E7A4F7556}") = "R5T.D0102.X001", "R5T.D0102.X001\R5T.D0102.X001.csproj", "{17EC2E5D-2976-4C5C-84E7-98CA8A866C1C}"
EndProject
Project("{9A19103F-16F7-4668-BE54-9A1E7A4F7556}") = "R5T.L0014", "..\..\R5T.L0014\source\R5T.L0014\R5T.L0014.csproj", "{8429726C-26D8-4A88-8A62-F3D27B59429D}"
EndProject
Project("{9A19103F-16F7-4668-BE54-9A1E7A4F7556}") = "R5T.Magyar", "..\..\R5T.Magyar\source\R5T.Magyar\R5T.Magyar.csproj", "{E152406A-9651-426C-A221-B4EF88C99AAF}"
EndProject
Project("{9A19103F-16F7-4668-BE54-9A1E7A4F7556}") = "R5T.T0063", "..\..\R5T.T0063\source\R5T.T0063\R5T.T0063.csproj", "{7A43CAE0-FEFC-4015-BB4E-49ABF785D653}"
EndProject
Project("{9A19103F-16F7-4668-BE54-9A1E7A4F7556}") = "R5T.L0013", "..\..\R5T.L0013\source\R5T.L0013\R5T.L0013.csproj", "{DDC04BEF-3E84-4BEF-8AD3-CBAAD778A591}"
EndProject
Project("{9A19103F-16F7-4668-BE54-9A1E7A4F7556}") = "R5T.T0062", "..\..\R5T.T0062\source\R5T.T0062\R5T.T0062.csproj", "{70A67236-C212-42D4-A29F-F869C375A021}"
EndProject
Project("{9A19103F-16F7-4668-BE54-9A1E7A4F7556}") = "R5T.T0039.T002", "..\..\R5T.T0039\source\R5T.T0039.T002\R5T.T0039.T002.csproj", "{04F5698A-EE0A-4A15-9D8A-958501C7448D}"
EndProject
Global
	GlobalSection(SolutionConfigurationPlatforms) = preSolution
		Debug|Any CPU = Debug|Any CPU
		Debug|x64 = Debug|x64
		Debug|x86 = Debug|x86
		Release|Any CPU = Release|Any CPU
		Release|x64 = Release|x64
		Release|x86 = Release|x86
	EndGlobalSection
	GlobalSection(ProjectConfigurationPlatforms) = postSolution
		{2C7AA970-AC48-4AE0-B7B0-738A8A52AD13}.Debug|Any CPU.ActiveCfg = Debug|Any CPU
		{2C7AA970-AC48-4AE0-B7B0-738A8A52AD13}.Debug|Any CPU.Build.0 = Debug|Any CPU
		{2C7AA970-AC48-4AE0-B7B0-738A8A52AD13}.Debug|x64.ActiveCfg = Debug|Any CPU
		{2C7AA970-AC48-4AE0-B7B0-738A8A52AD13}.Debug|x64.Build.0 = Debug|Any CPU
		{2C7AA970-AC48-4AE0-B7B0-738A8A52AD13}.Debug|x86.ActiveCfg = Debug|Any CPU
		{2C7AA970-AC48-4AE0-B7B0-738A8A52AD13}.Debug|x86.Build.0 = Debug|Any CPU
		{2C7AA970-AC48-4AE0-B7B0-738A8A52AD13}.Release|Any CPU.ActiveCfg = Release|Any CPU
		{2C7AA970-AC48-4AE0-B7B0-738A8A52AD13}.Release|Any CPU.Build.0 = Release|Any CPU
		{2C7AA970-AC48-4AE0-B7B0-738A8A52AD13}.Release|x64.ActiveCfg = Release|Any CPU
		{2C7AA970-AC48-4AE0-B7B0-738A8A52AD13}.Release|x64.Build.0 = Release|Any CPU
		{2C7AA970-AC48-4AE0-B7B0-738A8A52AD13}.Release|x86.ActiveCfg = Release|Any CPU
		{2C7AA970-AC48-4AE0-B7B0-738A8A52AD13}.Release|x86.Build.0 = Release|Any CPU
		{A93962FE-BBC4-409F-82B4-A4278707A27A}.Debug|Any CPU.ActiveCfg = Debug|Any CPU
		{A93962FE-BBC4-409F-82B4-A4278707A27A}.Debug|Any CPU.Build.0 = Debug|Any CPU
		{A93962FE-BBC4-409F-82B4-A4278707A27A}.Debug|x64.ActiveCfg = Debug|Any CPU
		{A93962FE-BBC4-409F-82B4-A4278707A27A}.Debug|x64.Build.0 = Debug|Any CPU
		{A93962FE-BBC4-409F-82B4-A4278707A27A}.Debug|x86.ActiveCfg = Debug|Any CPU
		{A93962FE-BBC4-409F-82B4-A4278707A27A}.Debug|x86.Build.0 = Debug|Any CPU
		{A93962FE-BBC4-409F-82B4-A4278707A27A}.Release|Any CPU.ActiveCfg = Release|Any CPU
		{A93962FE-BBC4-409F-82B4-A4278707A27A}.Release|Any CPU.Build.0 = Release|Any CPU
		{A93962FE-BBC4-409F-82B4-A4278707A27A}.Release|x64.ActiveCfg = Release|Any CPU
		{A93962FE-BBC4-409F-82B4-A4278707A27A}.Release|x64.Build.0 = Release|Any CPU
		{A93962FE-BBC4-409F-82B4-A4278707A27A}.Release|x86.ActiveCfg = Release|Any CPU
		{A93962FE-BBC4-409F-82B4-A4278707A27A}.Release|x86.Build.0 = Release|Any CPU
		{EB8931B7-C07A-47F0-8F8E-2DBBC474BA83}.Debug|Any CPU.ActiveCfg = Debug|Any CPU
		{EB8931B7-C07A-47F0-8F8E-2DBBC474BA83}.Debug|Any CPU.Build.0 = Debug|Any CPU
		{EB8931B7-C07A-47F0-8F8E-2DBBC474BA83}.Debug|x64.ActiveCfg = Debug|Any CPU
		{EB8931B7-C07A-47F0-8F8E-2DBBC474BA83}.Debug|x64.Build.0 = Debug|Any CPU
		{EB8931B7-C07A-47F0-8F8E-2DBBC474BA83}.Debug|x86.ActiveCfg = Debug|Any CPU
		{EB8931B7-C07A-47F0-8F8E-2DBBC474BA83}.Debug|x86.Build.0 = Debug|Any CPU
		{EB8931B7-C07A-47F0-8F8E-2DBBC474BA83}.Release|Any CPU.ActiveCfg = Release|Any CPU
		{EB8931B7-C07A-47F0-8F8E-2DBBC474BA83}.Release|Any CPU.Build.0 = Release|Any CPU
		{EB8931B7-C07A-47F0-8F8E-2DBBC474BA83}.Release|x64.ActiveCfg = Release|Any CPU
		{EB8931B7-C07A-47F0-8F8E-2DBBC474BA83}.Release|x64.Build.0 = Release|Any CPU
		{EB8931B7-C07A-47F0-8F8E-2DBBC474BA83}.Release|x86.ActiveCfg = Release|Any CPU
		{EB8931B7-C07A-47F0-8F8E-2DBBC474BA83}.Release|x86.Build.0 = Release|Any CPU
		{921F04CE-E6D2-4794-8B72-23EB51538E99}.Debug|Any CPU.ActiveCfg = Debug|Any CPU
		{921F04CE-E6D2-4794-8B72-23EB51538E99}.Debug|Any CPU.Build.0 = Debug|Any CPU
		{921F04CE-E6D2-4794-8B72-23EB51538E99}.Debug|x64.ActiveCfg = Debug|Any CPU
		{921F04CE-E6D2-4794-8B72-23EB51538E99}.Debug|x64.Build.0 = Debug|Any CPU
		{921F04CE-E6D2-4794-8B72-23EB51538E99}.Debug|x86.ActiveCfg = Debug|Any CPU
		{921F04CE-E6D2-4794-8B72-23EB51538E99}.Debug|x86.Build.0 = Debug|Any CPU
		{921F04CE-E6D2-4794-8B72-23EB51538E99}.Release|Any CPU.ActiveCfg = Release|Any CPU
		{921F04CE-E6D2-4794-8B72-23EB51538E99}.Release|Any CPU.Build.0 = Release|Any CPU
		{921F04CE-E6D2-4794-8B72-23EB51538E99}.Release|x64.ActiveCfg = Release|Any CPU
		{921F04CE-E6D2-4794-8B72-23EB51538E99}.Release|x64.Build.0 = Release|Any CPU
		{921F04CE-E6D2-4794-8B72-23EB51538E99}.Release|x86.ActiveCfg = Release|Any CPU
		{921F04CE-E6D2-4794-8B72-23EB51538E99}.Release|x86.Build.0 = Release|Any CPU
		{F85B5965-FAE0-40D5-AF8D-8BBAB7DE2F38}.Debug|Any CPU.ActiveCfg = Debug|Any CPU
		{F85B5965-FAE0-40D5-AF8D-8BBAB7DE2F38}.Debug|Any CPU.Build.0 = Debug|Any CPU
		{F85B5965-FAE0-40D5-AF8D-8BBAB7DE2F38}.Debug|x64.ActiveCfg = Debug|Any CPU
		{F85B5965-FAE0-40D5-AF8D-8BBAB7DE2F38}.Debug|x64.Build.0 = Debug|Any CPU
		{F85B5965-FAE0-40D5-AF8D-8BBAB7DE2F38}.Debug|x86.ActiveCfg = Debug|Any CPU
		{F85B5965-FAE0-40D5-AF8D-8BBAB7DE2F38}.Debug|x86.Build.0 = Debug|Any CPU
		{F85B5965-FAE0-40D5-AF8D-8BBAB7DE2F38}.Release|Any CPU.ActiveCfg = Release|Any CPU
		{F85B5965-FAE0-40D5-AF8D-8BBAB7DE2F38}.Release|Any CPU.Build.0 = Release|Any CPU
		{F85B5965-FAE0-40D5-AF8D-8BBAB7DE2F38}.Release|x64.ActiveCfg = Release|Any CPU
		{F85B5965-FAE0-40D5-AF8D-8BBAB7DE2F38}.Release|x64.Build.0 = Release|Any CPU
		{F85B5965-FAE0-40D5-AF8D-8BBAB7DE2F38}.Release|x86.ActiveCfg = Release|Any CPU
		{F85B5965-FAE0-40D5-AF8D-8BBAB7DE2F38}.Release|x86.Build.0 = Release|Any CPU
		{45F5ED19-9707-490C-BF26-638E449AC312}.Debug|Any CPU.ActiveCfg = Debug|Any CPU
		{45F5ED19-9707-490C-BF26-638E449AC312}.Debug|Any CPU.Build.0 = Debug|Any CPU
		{45F5ED19-9707-490C-BF26-638E449AC312}.Debug|x64.ActiveCfg = Debug|Any CPU
		{45F5ED19-9707-490C-BF26-638E449AC312}.Debug|x64.Build.0 = Debug|Any CPU
		{45F5ED19-9707-490C-BF26-638E449AC312}.Debug|x86.ActiveCfg = Debug|Any CPU
		{45F5ED19-9707-490C-BF26-638E449AC312}.Debug|x86.Build.0 = Debug|Any CPU
		{45F5ED19-9707-490C-BF26-638E449AC312}.Release|Any CPU.ActiveCfg = Release|Any CPU
		{45F5ED19-9707-490C-BF26-638E449AC312}.Release|Any CPU.Build.0 = Release|Any CPU
		{45F5ED19-9707-490C-BF26-638E449AC312}.Release|x64.ActiveCfg = Release|Any CPU
		{45F5ED19-9707-490C-BF26-638E449AC312}.Release|x64.Build.0 = Release|Any CPU
		{45F5ED19-9707-490C-BF26-638E449AC312}.Release|x86.ActiveCfg = Release|Any CPU
		{45F5ED19-9707-490C-BF26-638E449AC312}.Release|x86.Build.0 = Release|Any CPU
		{69057FD8-B717-4896-89AF-C1FE2593D771}.Debug|Any CPU.ActiveCfg = Debug|Any CPU
		{69057FD8-B717-4896-89AF-C1FE2593D771}.Debug|Any CPU.Build.0 = Debug|Any CPU
		{69057FD8-B717-4896-89AF-C1FE2593D771}.Debug|x64.ActiveCfg = Debug|Any CPU
		{69057FD8-B717-4896-89AF-C1FE2593D771}.Debug|x64.Build.0 = Debug|Any CPU
		{69057FD8-B717-4896-89AF-C1FE2593D771}.Debug|x86.ActiveCfg = Debug|Any CPU
		{69057FD8-B717-4896-89AF-C1FE2593D771}.Debug|x86.Build.0 = Debug|Any CPU
		{69057FD8-B717-4896-89AF-C1FE2593D771}.Release|Any CPU.ActiveCfg = Release|Any CPU
		{69057FD8-B717-4896-89AF-C1FE2593D771}.Release|Any CPU.Build.0 = Release|Any CPU
		{69057FD8-B717-4896-89AF-C1FE2593D771}.Release|x64.ActiveCfg = Release|Any CPU
		{69057FD8-B717-4896-89AF-C1FE2593D771}.Release|x64.Build.0 = Release|Any CPU
		{69057FD8-B717-4896-89AF-C1FE2593D771}.Release|x86.ActiveCfg = Release|Any CPU
		{69057FD8-B717-4896-89AF-C1FE2593D771}.Release|x86.Build.0 = Release|Any CPU
		{17EC2E5D-2976-4C5C-84E7-98CA8A866C1C}.Debug|Any CPU.ActiveCfg = Debug|Any CPU
		{17EC2E5D-2976-4C5C-84E7-98CA8A866C1C}.Debug|Any CPU.Build.0 = Debug|Any CPU
		{17EC2E5D-2976-4C5C-84E7-98CA8A866C1C}.Debug|x64.ActiveCfg = Debug|Any CPU
		{17EC2E5D-2976-4C5C-84E7-98CA8A866C1C}.Debug|x64.Build.0 = Debug|Any CPU
		{17EC2E5D-2976-4C5C-84E7-98CA8A866C1C}.Debug|x86.ActiveCfg = Debug|Any CPU
		{17EC2E5D-2976-4C5C-84E7-98CA8A866C1C}.Debug|x86.Build.0 = Debug|Any CPU
		{17EC2E5D-2976-4C5C-84E7-98CA8A866C1C}.Release|Any CPU.ActiveCfg = Release|Any CPU
		{17EC2E5D-2976-4C5C-84E7-98CA8A866C1C}.Release|Any CPU.Build.0 = Release|Any CPU
		{17EC2E5D-2976-4C5C-84E7-98CA8A866C1C}.Release|x64.ActiveCfg = Release|Any CPU
		{17EC2E5D-2976-4C5C-84E7-98CA8A866C1C}.Release|x64.Build.0 = Release|Any CPU
		{17EC2E5D-2976-4C5C-84E7-98CA8A866C1C}.Release|x86.ActiveCfg = Release|Any CPU
		{17EC2E5D-2976-4C5C-84E7-98CA8A866C1C}.Release|x86.Build.0 = Release|Any CPU
		{8429726C-26D8-4A88-8A62-F3D27B59429D}.Debug|Any CPU.ActiveCfg = Debug|Any CPU
		{8429726C-26D8-4A88-8A62-F3D27B59429D}.Debug|Any CPU.Build.0 = Debug|Any CPU
		{8429726C-26D8-4A88-8A62-F3D27B59429D}.Debug|x64.ActiveCfg = Debug|Any CPU
		{8429726C-26D8-4A88-8A62-F3D27B59429D}.Debug|x64.Build.0 = Debug|Any CPU
		{8429726C-26D8-4A88-8A62-F3D27B59429D}.Debug|x86.ActiveCfg = Debug|Any CPU
		{8429726C-26D8-4A88-8A62-F3D27B59429D}.Debug|x86.Build.0 = Debug|Any CPU
		{8429726C-26D8-4A88-8A62-F3D27B59429D}.Release|Any CPU.ActiveCfg = Release|Any CPU
		{8429726C-26D8-4A88-8A62-F3D27B59429D}.Release|Any CPU.Build.0 = Release|Any CPU
		{8429726C-26D8-4A88-8A62-F3D27B59429D}.Release|x64.ActiveCfg = Release|Any CPU
		{8429726C-26D8-4A88-8A62-F3D27B59429D}.Release|x64.Build.0 = Release|Any CPU
		{8429726C-26D8-4A88-8A62-F3D27B59429D}.Release|x86.ActiveCfg = Release|Any CPU
		{8429726C-26D8-4A88-8A62-F3D27B59429D}.Release|x86.Build.0 = Release|Any CPU
		{E152406A-9651-426C-A221-B4EF88C99AAF}.Debug|Any CPU.ActiveCfg = Debug|Any CPU
		{E152406A-9651-426C-A221-B4EF88C99AAF}.Debug|Any CPU.Build.0 = Debug|Any CPU
		{E152406A-9651-426C-A221-B4EF88C99AAF}.Debug|x64.ActiveCfg = Debug|Any CPU
		{E152406A-9651-426C-A221-B4EF88C99AAF}.Debug|x64.Build.0 = Debug|Any CPU
		{E152406A-9651-426C-A221-B4EF88C99AAF}.Debug|x86.ActiveCfg = Debug|Any CPU
		{E152406A-9651-426C-A221-B4EF88C99AAF}.Debug|x86.Build.0 = Debug|Any CPU
		{E152406A-9651-426C-A221-B4EF88C99AAF}.Release|Any CPU.ActiveCfg = Release|Any CPU
		{E152406A-9651-426C-A221-B4EF88C99AAF}.Release|Any CPU.Build.0 = Release|Any CPU
		{E152406A-9651-426C-A221-B4EF88C99AAF}.Release|x64.ActiveCfg = Release|Any CPU
		{E152406A-9651-426C-A221-B4EF88C99AAF}.Release|x64.Build.0 = Release|Any CPU
		{E152406A-9651-426C-A221-B4EF88C99AAF}.Release|x86.ActiveCfg = Release|Any CPU
		{E152406A-9651-426C-A221-B4EF88C99AAF}.Release|x86.Build.0 = Release|Any CPU
		{7A43CAE0-FEFC-4015-BB4E-49ABF785D653}.Debug|Any CPU.ActiveCfg = Debug|Any CPU
		{7A43CAE0-FEFC-4015-BB4E-49ABF785D653}.Debug|Any CPU.Build.0 = Debug|Any CPU
		{7A43CAE0-FEFC-4015-BB4E-49ABF785D653}.Debug|x64.ActiveCfg = Debug|Any CPU
		{7A43CAE0-FEFC-4015-BB4E-49ABF785D653}.Debug|x64.Build.0 = Debug|Any CPU
		{7A43CAE0-FEFC-4015-BB4E-49ABF785D653}.Debug|x86.ActiveCfg = Debug|Any CPU
		{7A43CAE0-FEFC-4015-BB4E-49ABF785D653}.Debug|x86.Build.0 = Debug|Any CPU
		{7A43CAE0-FEFC-4015-BB4E-49ABF785D653}.Release|Any CPU.ActiveCfg = Release|Any CPU
		{7A43CAE0-FEFC-4015-BB4E-49ABF785D653}.Release|Any CPU.Build.0 = Release|Any CPU
		{7A43CAE0-FEFC-4015-BB4E-49ABF785D653}.Release|x64.ActiveCfg = Release|Any CPU
		{7A43CAE0-FEFC-4015-BB4E-49ABF785D653}.Release|x64.Build.0 = Release|Any CPU
		{7A43CAE0-FEFC-4015-BB4E-49ABF785D653}.Release|x86.ActiveCfg = Release|Any CPU
		{7A43CAE0-FEFC-4015-BB4E-49ABF785D653}.Release|x86.Build.0 = Release|Any CPU
		{DDC04BEF-3E84-4BEF-8AD3-CBAAD778A591}.Debug|Any CPU.ActiveCfg = Debug|Any CPU
		{DDC04BEF-3E84-4BEF-8AD3-CBAAD778A591}.Debug|Any CPU.Build.0 = Debug|Any CPU
		{DDC04BEF-3E84-4BEF-8AD3-CBAAD778A591}.Debug|x64.ActiveCfg = Debug|Any CPU
		{DDC04BEF-3E84-4BEF-8AD3-CBAAD778A591}.Debug|x64.Build.0 = Debug|Any CPU
		{DDC04BEF-3E84-4BEF-8AD3-CBAAD778A591}.Debug|x86.ActiveCfg = Debug|Any CPU
		{DDC04BEF-3E84-4BEF-8AD3-CBAAD778A591}.Debug|x86.Build.0 = Debug|Any CPU
		{DDC04BEF-3E84-4BEF-8AD3-CBAAD778A591}.Release|Any CPU.ActiveCfg = Release|Any CPU
		{DDC04BEF-3E84-4BEF-8AD3-CBAAD778A591}.Release|Any CPU.Build.0 = Release|Any CPU
		{DDC04BEF-3E84-4BEF-8AD3-CBAAD778A591}.Release|x64.ActiveCfg = Release|Any CPU
		{DDC04BEF-3E84-4BEF-8AD3-CBAAD778A591}.Release|x64.Build.0 = Release|Any CPU
		{DDC04BEF-3E84-4BEF-8AD3-CBAAD778A591}.Release|x86.ActiveCfg = Release|Any CPU
		{DDC04BEF-3E84-4BEF-8AD3-CBAAD778A591}.Release|x86.Build.0 = Release|Any CPU
		{70A67236-C212-42D4-A29F-F869C375A021}.Debug|Any CPU.ActiveCfg = Debug|Any CPU
		{70A67236-C212-42D4-A29F-F869C375A021}.Debug|Any CPU.Build.0 = Debug|Any CPU
		{70A67236-C212-42D4-A29F-F869C375A021}.Debug|x64.ActiveCfg = Debug|Any CPU
		{70A67236-C212-42D4-A29F-F869C375A021}.Debug|x64.Build.0 = Debug|Any CPU
		{70A67236-C212-42D4-A29F-F869C375A021}.Debug|x86.ActiveCfg = Debug|Any CPU
		{70A67236-C212-42D4-A29F-F869C375A021}.Debug|x86.Build.0 = Debug|Any CPU
		{70A67236-C212-42D4-A29F-F869C375A021}.Release|Any CPU.ActiveCfg = Release|Any CPU
		{70A67236-C212-42D4-A29F-F869C375A021}.Release|Any CPU.Build.0 = Release|Any CPU
		{70A67236-C212-42D4-A29F-F869C375A021}.Release|x64.ActiveCfg = Release|Any CPU
		{70A67236-C212-42D4-A29F-F869C375A021}.Release|x64.Build.0 = Release|Any CPU
		{70A67236-C212-42D4-A29F-F869C375A021}.Release|x86.ActiveCfg = Release|Any CPU
		{70A67236-C212-42D4-A29F-F869C375A021}.Release|x86.Build.0 = Release|Any CPU
		{04F5698A-EE0A-4A15-9D8A-958501C7448D}.Debug|Any CPU.ActiveCfg = Debug|Any CPU
		{04F5698A-EE0A-4A15-9D8A-958501C7448D}.Debug|Any CPU.Build.0 = Debug|Any CPU
		{04F5698A-EE0A-4A15-9D8A-958501C7448D}.Debug|x64.ActiveCfg = Debug|Any CPU
		{04F5698A-EE0A-4A15-9D8A-958501C7448D}.Debug|x64.Build.0 = Debug|Any CPU
		{04F5698A-EE0A-4A15-9D8A-958501C7448D}.Debug|x86.ActiveCfg = Debug|Any CPU
		{04F5698A-EE0A-4A15-9D8A-958501C7448D}.Debug|x86.Build.0 = Debug|Any CPU
		{04F5698A-EE0A-4A15-9D8A-958501C7448D}.Release|Any CPU.ActiveCfg = Release|Any CPU
		{04F5698A-EE0A-4A15-9D8A-958501C7448D}.Release|Any CPU.Build.0 = Release|Any CPU
		{04F5698A-EE0A-4A15-9D8A-958501C7448D}.Release|x64.ActiveCfg = Release|Any CPU
		{04F5698A-EE0A-4A15-9D8A-958501C7448D}.Release|x64.Build.0 = Release|Any CPU
		{04F5698A-EE0A-4A15-9D8A-958501C7448D}.Release|x86.ActiveCfg = Release|Any CPU
		{04F5698A-EE0A-4A15-9D8A-958501C7448D}.Release|x86.Build.0 = Release|Any CPU
	EndGlobalSection
	GlobalSection(SolutionProperties) = preSolution
		HideSolutionNode = FALSE
	EndGlobalSection
	GlobalSection(NestedProjects) = preSolution
		{EB8931B7-C07A-47F0-8F8E-2DBBC474BA83} = {364D5687-41F1-4757-8B11-9DA5C2253AC9}
		{921F04CE-E6D2-4794-8B72-23EB51538E99} = {364D5687-41F1-4757-8B11-9DA5C2253AC9}
		{F85B5965-FAE0-40D5-AF8D-8BBAB7DE2F38} = {364D5687-41F1-4757-8B11-9DA5C2253AC9}
		{45F5ED19-9707-490C-BF26-638E449AC312} = {364D5687-41F1-4757-8B11-9DA5C2253AC9}
		{69057FD8-B717-4896-89AF-C1FE2593D771} = {364D5687-41F1-4757-8B11-9DA5C2253AC9}
		{8429726C-26D8-4A88-8A62-F3D27B59429D} = {364D5687-41F1-4757-8B11-9DA5C2253AC9}
		{E152406A-9651-426C-A221-B4EF88C99AAF} = {364D5687-41F1-4757-8B11-9DA5C2253AC9}
		{7A43CAE0-FEFC-4015-BB4E-49ABF785D653} = {364D5687-41F1-4757-8B11-9DA5C2253AC9}
		{DDC04BEF-3E84-4BEF-8AD3-CBAAD778A591} = {364D5687-41F1-4757-8B11-9DA5C2253AC9}
		{70A67236-C212-42D4-A29F-F869C375A021} = {364D5687-41F1-4757-8B11-9DA5C2253AC9}
		{04F5698A-EE0A-4A15-9D8A-958501C7448D} = {364D5687-41F1-4757-8B11-9DA5C2253AC9}
	EndGlobalSection
	GlobalSection(ExtensibilityGlobals) = postSolution
		SolutionGuid = {F694BCE4-C681-4B50-BD95-CFF35CCBC5DA}
	EndGlobalSection
EndGlobal
